// !$*UTF8*$!
{
	archiveVersion = 1;
	classes = {
	};
	objectVersion = 52;
	objects = {

/* Begin PBXAggregateTarget section */
		8E81CCC2241FD475006F2437 /* Translation */ = {
			isa = PBXAggregateTarget;
			buildConfigurationList = 8E81CCC3241FD475006F2437 /* Build configuration list for PBXAggregateTarget "Translation" */;
			buildPhases = (
				8E81CCC7241FD47E006F2437 /* Fetch Translation */,
			);
			dependencies = (
			);
			name = Translation;
			productName = Translation;
		};
/* End PBXAggregateTarget section */

/* Begin PBXBuildFile section */
		2443947B2445F062003ED582 /* NSHeaderArcView.swift in Sources */ = {isa = PBXBuildFile; fileRef = 2443947A2445F062003ED582 /* NSHeaderArcView.swift */; };
		2443948A24463ED2003ED582 /* DP3TSDK in Frameworks */ = {isa = PBXBuildFile; productRef = 2443948924463ED2003ED582 /* DP3TSDK */; };
		24780B07242DFCD9003BB26C /* User.swift in Sources */ = {isa = PBXBuildFile; fileRef = 24780B06242DFCD9003BB26C /* User.swift */; };
		24780B09242DFCE4003BB26C /* Model.swift in Sources */ = {isa = PBXBuildFile; fileRef = 24780B08242DFCE4003BB26C /* Model.swift */; };
		24780B0B242DFCFB003BB26C /* NSTabBarController.swift in Sources */ = {isa = PBXBuildFile; fileRef = 24780B0A242DFCFB003BB26C /* NSTabBarController.swift */; };
		24780B11242DFD2F003BB26C /* NSMeldungModuleView.swift in Sources */ = {isa = PBXBuildFile; fileRef = 24780B10242DFD2F003BB26C /* NSMeldungModuleView.swift */; };
		24780B13242DFD3D003BB26C /* NSInformModuleView.swift in Sources */ = {isa = PBXBuildFile; fileRef = 24780B12242DFD3D003BB26C /* NSInformModuleView.swift */; };
		24780B17242DFD7C003BB26C /* NSInformViewController.swift in Sources */ = {isa = PBXBuildFile; fileRef = 24780B16242DFD7C003BB26C /* NSInformViewController.swift */; };
		24780B1A242DFDAE003BB26C /* NSModuleBaseView.swift in Sources */ = {isa = PBXBuildFile; fileRef = 24780B19242DFDAE003BB26C /* NSModuleBaseView.swift */; };
		24780B1C242DFE18003BB26C /* NSInfoViewController.swift in Sources */ = {isa = PBXBuildFile; fileRef = 24780B1B242DFE18003BB26C /* NSInfoViewController.swift */; };
		24780B20242DFE33003BB26C /* NSOnboardingViewController.swift in Sources */ = {isa = PBXBuildFile; fileRef = 24780B1F242DFE33003BB26C /* NSOnboardingViewController.swift */; };
		24780B24242DFE6D003BB26C /* NSNavigationController.swift in Sources */ = {isa = PBXBuildFile; fileRef = 24780B23242DFE6D003BB26C /* NSNavigationController.swift */; };
		24780B28242F3A4C003BB26C /* NSSymptomsViewController.swift in Sources */ = {isa = PBXBuildFile; fileRef = 24780B27242F3A4C003BB26C /* NSSymptomsViewController.swift */; };
		24780B2C242F3CC2003BB26C /* NSInformStepViewController.swift in Sources */ = {isa = PBXBuildFile; fileRef = 24780B2B242F3CC2003BB26C /* NSInformStepViewController.swift */; };
		24780B30242F3EAF003BB26C /* NSInformBottomButtonViewController.swift in Sources */ = {isa = PBXBuildFile; fileRef = 24780B2F242F3EAF003BB26C /* NSInformBottomButtonViewController.swift */; };
		24780B34242FDF4C003BB26C /* Launch Screen.storyboard in Resources */ = {isa = PBXBuildFile; fileRef = 24780B33242FDF4C003BB26C /* Launch Screen.storyboard */; };
		24780B5A2431B5A9003BB26C /* NSPushHandler.swift in Sources */ = {isa = PBXBuildFile; fileRef = 24780B552431B5A9003BB26C /* NSPushHandler.swift */; };
		24780B5B2431B5A9003BB26C /* NSDateFormatter.swift in Sources */ = {isa = PBXBuildFile; fileRef = 24780B562431B5A9003BB26C /* NSDateFormatter.swift */; };
		24780B5C2431B5A9003BB26C /* NSTracingManager.swift in Sources */ = {isa = PBXBuildFile; fileRef = 24780B572431B5A9003BB26C /* NSTracingManager.swift */; };
		24780B5D2431B5A9003BB26C /* NSContentEnvironment.swift in Sources */ = {isa = PBXBuildFile; fileRef = 24780B582431B5A9003BB26C /* NSContentEnvironment.swift */; };
		24780B5E2431B5A9003BB26C /* NSTracingLocalPush.swift in Sources */ = {isa = PBXBuildFile; fileRef = 24780B592431B5A9003BB26C /* NSTracingLocalPush.swift */; };
		24D5EF682448CAB900C197D6 /* NSUIStateManager.swift in Sources */ = {isa = PBXBuildFile; fileRef = 24D5EF672448CAB900C197D6 /* NSUIStateManager.swift */; };
		24D5EF6A2448CAE800C197D6 /* NSUIStateModel.swift in Sources */ = {isa = PBXBuildFile; fileRef = 24D5EF692448CAE800C197D6 /* NSUIStateModel.swift */; };
		6E1771542440B09A0008D73D /* NSCodeInputViewController.swift in Sources */ = {isa = PBXBuildFile; fileRef = 6E1771532440B09A0008D73D /* NSCodeInputViewController.swift */; };
		6E1771562440B5140008D73D /* NSCodeInputControl.swift in Sources */ = {isa = PBXBuildFile; fileRef = 6E1771552440B5140008D73D /* NSCodeInputControl.swift */; };
		6E3F65F72449B61A00980A4E /* NSDebugscreenViewController.swift in Sources */ = {isa = PBXBuildFile; fileRef = 6E3F65F62449B61A00980A4E /* NSDebugscreenViewController.swift */; };
		6E3F65F92449CC9F00980A4E /* NSDebugScreenMockView.swift in Sources */ = {isa = PBXBuildFile; fileRef = 6E3F65F82449CC9F00980A4E /* NSDebugScreenMockView.swift */; };
		6E3F65FB2449CF0900980A4E /* NSSimpleModuleBaseView.swift in Sources */ = {isa = PBXBuildFile; fileRef = 6E3F65FA2449CF0900980A4E /* NSSimpleModuleBaseView.swift */; };
		6E3F65FD2449F31D00980A4E /* NSDebugScreenSDKStatusView.swift in Sources */ = {isa = PBXBuildFile; fileRef = 6E3F65FC2449F31D00980A4E /* NSDebugScreenSDKStatusView.swift */; };
		6E6E516F242F4FE0006E532E /* NSConfigManager.swift in Sources */ = {isa = PBXBuildFile; fileRef = 6E6E516E242F4FE0006E532E /* NSConfigManager.swift */; };
		6E6E5171242F5026006E532E /* NSConfig.swift in Sources */ = {isa = PBXBuildFile; fileRef = 6E6E5170242F5026006E532E /* NSConfig.swift */; };
		6E6E5184242F9586006E532E /* NSInformThankYouViewController.swift in Sources */ = {isa = PBXBuildFile; fileRef = 6E6E517E242F9586006E532E /* NSInformThankYouViewController.swift */; };
		6E6E5185242F9586006E532E /* NSCheckboxControl.swift in Sources */ = {isa = PBXBuildFile; fileRef = 6E6E517F242F9586006E532E /* NSCheckboxControl.swift */; };
		6E6E5186242F9586006E532E /* NSCheckBoxView.swift in Sources */ = {isa = PBXBuildFile; fileRef = 6E6E5180242F9586006E532E /* NSCheckBoxView.swift */; };
		6E6E5187242F9586006E532E /* NSInformButton.swift in Sources */ = {isa = PBXBuildFile; fileRef = 6E6E5181242F9586006E532E /* NSInformButton.swift */; };
		6E6E5188242F9586006E532E /* NSSendViewController.swift in Sources */ = {isa = PBXBuildFile; fileRef = 6E6E5182242F9586006E532E /* NSSendViewController.swift */; };
		6E6E5189242F9586006E532E /* NSInformNoSymptomsViewController.swift in Sources */ = {isa = PBXBuildFile; fileRef = 6E6E5183242F9586006E532E /* NSInformNoSymptomsViewController.swift */; };
		6E6E518B242FA39C006E532E /* NSVerhaltenViewController.swift in Sources */ = {isa = PBXBuildFile; fileRef = 6E6E518A242FA39C006E532E /* NSVerhaltenViewController.swift */; };
		6E6E518E242FB9A8006E532E /* NSAppTitleView.swift in Sources */ = {isa = PBXBuildFile; fileRef = 6E6E518D242FB9A8006E532E /* NSAppTitleView.swift */; };
		6E6E5190242FCE13006E532E /* NSFancyNumberView.swift in Sources */ = {isa = PBXBuildFile; fileRef = 6E6E518F242FCE13006E532E /* NSFancyNumberView.swift */; };
		6E6E5192243121D2006E532E /* NSErrorView.swift in Sources */ = {isa = PBXBuildFile; fileRef = 6E6E5191243121D2006E532E /* NSErrorView.swift */; };
		6E7C0D1E242CE02D0017C4F9 /* NSLabelType.swift in Sources */ = {isa = PBXBuildFile; fileRef = 6E7C0D1D242CE02D0017C4F9 /* NSLabelType.swift */; };
		6E7C0D20242CE1190017C4F9 /* UIColor+NS.swift in Sources */ = {isa = PBXBuildFile; fileRef = 6E7C0D1F242CE1190017C4F9 /* UIColor+NS.swift */; };
		6E7C0D22242CE2100017C4F9 /* NSButton.swift in Sources */ = {isa = PBXBuildFile; fileRef = 6E7C0D21242CE2100017C4F9 /* NSButton.swift */; };
		6E7C0D37242E02600017C4F9 /* NSStackScrollView.swift in Sources */ = {isa = PBXBuildFile; fileRef = 6E7C0D36242E02600017C4F9 /* NSStackScrollView.swift */; };
		6E7C0D39242E02A20017C4F9 /* NSLayoutConstants.swift in Sources */ = {isa = PBXBuildFile; fileRef = 6E7C0D38242E02A20017C4F9 /* NSLayoutConstants.swift */; };
		6E7C0D43242E44D80017C4F9 /* NSWebViewController.swift in Sources */ = {isa = PBXBuildFile; fileRef = 6E7C0D42242E44D80017C4F9 /* NSWebViewController.swift */; };
		6E7C0D45242E4AA90017C4F9 /* NSLoadingView.swift in Sources */ = {isa = PBXBuildFile; fileRef = 6E7C0D44242E4AA90017C4F9 /* NSLoadingView.swift */; };
		6E7C0D47242E58600017C4F9 /* NSAboutViewController.swift in Sources */ = {isa = PBXBuildFile; fileRef = 6E7C0D46242E58600017C4F9 /* NSAboutViewController.swift */; };
		6EA49E2924443E69009EFCAB /* NSSimpleTextButton.swift in Sources */ = {isa = PBXBuildFile; fileRef = 6EA49E2824443E69009EFCAB /* NSSimpleTextButton.swift */; };
		6EA49E2B2444410D009EFCAB /* NSNoCodeInformationViewController.swift in Sources */ = {isa = PBXBuildFile; fileRef = 6EA49E2A2444410D009EFCAB /* NSNoCodeInformationViewController.swift */; };
		6EFB097524459B870097BD3D /* NSBegegnungenDetailViewController.swift in Sources */ = {isa = PBXBuildFile; fileRef = 6EFB097424459B870097BD3D /* NSBegegnungenDetailViewController.swift */; };
		6EFB09772445B1940097BD3D /* NSBluetoothSettingsControl.swift in Sources */ = {isa = PBXBuildFile; fileRef = 6EFB09762445B1940097BD3D /* NSBluetoothSettingsControl.swift */; };
		6EFB09792445B2CA0097BD3D /* NSBluetoothSettingsDetailView.swift in Sources */ = {isa = PBXBuildFile; fileRef = 6EFB09782445B2CA0097BD3D /* NSBluetoothSettingsDetailView.swift */; };
		6EFB097B2445C2210097BD3D /* NSPointTextView.swift in Sources */ = {isa = PBXBuildFile; fileRef = 6EFB097A2445C2210097BD3D /* NSPointTextView.swift */; };
		6EFB097E244603560097BD3D /* NSMeldungenDetailViewController.swift in Sources */ = {isa = PBXBuildFile; fileRef = 6EFB097D244603560097BD3D /* NSMeldungenDetailViewController.swift */; };
		8E81CC99241FCC7D006F2437 /* AppDelegate.swift in Sources */ = {isa = PBXBuildFile; fileRef = 8E81CC98241FCC7D006F2437 /* AppDelegate.swift */; };
		8E81CC9D241FCC7D006F2437 /* NSViewController.swift in Sources */ = {isa = PBXBuildFile; fileRef = 8E81CC9C241FCC7D006F2437 /* NSViewController.swift */; };
		8E81CCA2241FCC7F006F2437 /* Assets.xcassets in Resources */ = {isa = PBXBuildFile; fileRef = 8E81CCA1241FCC7F006F2437 /* Assets.xcassets */; };
		8E81CCB0241FCC7F006F2437 /* NextStepTests.swift in Sources */ = {isa = PBXBuildFile; fileRef = 8E81CCAF241FCC7F006F2437 /* NextStepTests.swift */; };
		8E81CCCF241FD813006F2437 /* SnapKit in Frameworks */ = {isa = PBXBuildFile; productRef = 8E81CCCE241FD813006F2437 /* SnapKit */; };
		AACFA6A3243088A4005595E6 /* NSAnimatedGraphView.swift in Sources */ = {isa = PBXBuildFile; fileRef = AACFA6A2243088A4005595E6 /* NSAnimatedGraphView.swift */; };
		AAF73663242F2DC90051E34A /* NSModuleHeaderView.swift in Sources */ = {isa = PBXBuildFile; fileRef = AAF73662242F2DC90051E34A /* NSModuleHeaderView.swift */; };
		AAF73666242F2EA00051E34A /* NSBegegnungenModuleView.swift in Sources */ = {isa = PBXBuildFile; fileRef = AAF73665242F2EA00051E34A /* NSBegegnungenModuleView.swift */; };
		AAF73668242F3D030051E34A /* UIStackView+NS.swift in Sources */ = {isa = PBXBuildFile; fileRef = AAF73667242F3D030051E34A /* UIStackView+NS.swift */; };
		AAF7366B2430838A0051E34A /* NSAnimatedGraphLayer.swift in Sources */ = {isa = PBXBuildFile; fileRef = AAF7366A2430838A0051E34A /* NSAnimatedGraphLayer.swift */; };
		DC175E402430C4C700BD2AD6 /* NSOnboardingContentViewController.swift in Sources */ = {isa = PBXBuildFile; fileRef = DC175E3F2430C4C700BD2AD6 /* NSOnboardingContentViewController.swift */; };
		DC175E422430C4F900BD2AD6 /* NSOnboardingPermissionsViewController.swift in Sources */ = {isa = PBXBuildFile; fileRef = DC175E412430C4F900BD2AD6 /* NSOnboardingPermissionsViewController.swift */; };
		DC286A26242CE0B9001D5344 /* NSBackendEnvironment.swift in Sources */ = {isa = PBXBuildFile; fileRef = DC286A25242CE0B9001D5344 /* NSBackendEnvironment.swift */; };
		DC56B8B9242EA7760077B99C /* NSOnboardingStepModel.swift in Sources */ = {isa = PBXBuildFile; fileRef = DC56B8B8242EA7760077B99C /* NSOnboardingStepModel.swift */; };
		DC56B8BB242EACF00077B99C /* NSOnboardingStepViewController.swift in Sources */ = {isa = PBXBuildFile; fileRef = DC56B8BA242EACF00077B99C /* NSOnboardingStepViewController.swift */; };
		DC702AFB243F6D870066C773 /* UBLabelType.swift in Sources */ = {isa = PBXBuildFile; fileRef = DC702AFA243F6D870066C773 /* UBLabelType.swift */; };
		DC702AFD243F6E410066C773 /* UBButton.swift in Sources */ = {isa = PBXBuildFile; fileRef = DC702AFC243F6E410066C773 /* UBButton.swift */; };
		DC702AFF243F6ED90066C773 /* UIColor+HEX.swift in Sources */ = {isa = PBXBuildFile; fileRef = DC702AFE243F6ED90066C773 /* UIColor+HEX.swift */; };
		DC702B01243F6F640066C773 /* String+NS.swift in Sources */ = {isa = PBXBuildFile; fileRef = DC702B00243F6F640066C773 /* String+NS.swift */; };
		DC702B0A243F6FAE0066C773 /* UBOptionalUserDefault.swift in Sources */ = {isa = PBXBuildFile; fileRef = DC702B03243F6FAE0066C773 /* UBOptionalUserDefault.swift */; };
		DC702B0B243F6FAE0066C773 /* UBPListValue.swift in Sources */ = {isa = PBXBuildFile; fileRef = DC702B04243F6FAE0066C773 /* UBPListValue.swift */; };
		DC702B0C243F6FAE0066C773 /* UBUserDefault.swift in Sources */ = {isa = PBXBuildFile; fileRef = DC702B05243F6FAE0066C773 /* UBUserDefault.swift */; };
		DC702B0D243F6FAE0066C773 /* UBCodable.swift in Sources */ = {isa = PBXBuildFile; fileRef = DC702B06243F6FAE0066C773 /* UBCodable.swift */; };
		DC702B0E243F6FAE0066C773 /* UBRawRepresentable.swift in Sources */ = {isa = PBXBuildFile; fileRef = DC702B07243F6FAE0066C773 /* UBRawRepresentable.swift */; };
		DC702B0F243F6FAE0066C773 /* UBKeychainStored.swift in Sources */ = {isa = PBXBuildFile; fileRef = DC702B08243F6FAE0066C773 /* UBKeychainStored.swift */; };
		DC702B10243F6FAE0066C773 /* UBUserDefaultValue.swift in Sources */ = {isa = PBXBuildFile; fileRef = DC702B09243F6FAE0066C773 /* UBUserDefaultValue.swift */; };
		DC702B14243F6FD90066C773 /* UBKeychain.swift in Sources */ = {isa = PBXBuildFile; fileRef = DC702B12243F6FD90066C773 /* UBKeychain.swift */; };
		DC702B15243F6FD90066C773 /* UBKeychainAccessibility.swift in Sources */ = {isa = PBXBuildFile; fileRef = DC702B13243F6FD90066C773 /* UBKeychainAccessibility.swift */; };
		DC702B17243F70060066C773 /* UIView+NS.swift in Sources */ = {isa = PBXBuildFile; fileRef = DC702B16243F70060066C773 /* UIView+NS.swift */; };
		DC702B1F243F70C80066C773 /* UBPushHandler.swift in Sources */ = {isa = PBXBuildFile; fileRef = DC702B19243F70C80066C773 /* UBPushHandler.swift */; };
		DC702B20243F70C80066C773 /* UBPushManager.swift in Sources */ = {isa = PBXBuildFile; fileRef = DC702B1A243F70C80066C773 /* UBPushManager.swift */; };
		DC702B21243F70C80066C773 /* UBPushLocalStorage.swift in Sources */ = {isa = PBXBuildFile; fileRef = DC702B1B243F70C80066C773 /* UBPushLocalStorage.swift */; };
		DC702B22243F70C80066C773 /* UBPushManagerError.swift in Sources */ = {isa = PBXBuildFile; fileRef = DC702B1C243F70C80066C773 /* UBPushManagerError.swift */; };
		DC702B23243F70C80066C773 /* UBPushRegistrationManager.swift in Sources */ = {isa = PBXBuildFile; fileRef = DC702B1D243F70C80066C773 /* UBPushRegistrationManager.swift */; };
		DC702B26243F74E70066C773 /* UBDeviceUUID.swift in Sources */ = {isa = PBXBuildFile; fileRef = DC702B25243F74E70066C773 /* UBDeviceUUID.swift */; };
		DC9A81AB242CE5E000AD1548 /* Localizable.strings in Resources */ = {isa = PBXBuildFile; fileRef = DC9A81A1242CE5E000AD1548 /* Localizable.strings */; };
		DC9A81AC242CE5E000AD1548 /* InfoPlist.strings in Resources */ = {isa = PBXBuildFile; fileRef = DC9A81A3242CE5E000AD1548 /* InfoPlist.strings */; };
		DCB44307242DD34700F19AA5 /* Inter-Black.ttf in Resources */ = {isa = PBXBuildFile; fileRef = 6E7C0D29242D04280017C4F9 /* Inter-Black.ttf */; };
		DCB44308242DD34700F19AA5 /* Inter-Bold.ttf in Resources */ = {isa = PBXBuildFile; fileRef = 6E7C0D28242D04280017C4F9 /* Inter-Bold.ttf */; };
		DCB44309242DD34700F19AA5 /* Inter-ExtraBold.ttf in Resources */ = {isa = PBXBuildFile; fileRef = 6E7C0D26242D04280017C4F9 /* Inter-ExtraBold.ttf */; };
		DCB4430A242DD34700F19AA5 /* Inter-ExtraLight.ttf in Resources */ = {isa = PBXBuildFile; fileRef = 6E7C0D2D242D04290017C4F9 /* Inter-ExtraLight.ttf */; };
		DCB4430B242DD34700F19AA5 /* Inter-Light.ttf in Resources */ = {isa = PBXBuildFile; fileRef = 6E7C0D2A242D04280017C4F9 /* Inter-Light.ttf */; };
		DCB4430C242DD34700F19AA5 /* Inter-Medium.ttf in Resources */ = {isa = PBXBuildFile; fileRef = 6E7C0D2C242D04290017C4F9 /* Inter-Medium.ttf */; };
		DCB4430D242DD34700F19AA5 /* Inter-Regular.ttf in Resources */ = {isa = PBXBuildFile; fileRef = 6E7C0D2B242D04290017C4F9 /* Inter-Regular.ttf */; };
		DCB4430E242DD34700F19AA5 /* Inter-SemiBold.ttf in Resources */ = {isa = PBXBuildFile; fileRef = 6E7C0D27242D04280017C4F9 /* Inter-SemiBold.ttf */; };
		DCB44315242DFF8000F19AA5 /* NSHomescreenViewController.swift in Sources */ = {isa = PBXBuildFile; fileRef = DCB44314242DFF8000F19AA5 /* NSHomescreenViewController.swift */; };
/* End PBXBuildFile section */

/* Begin PBXContainerItemProxy section */
		8E81CCAC241FCC7F006F2437 /* PBXContainerItemProxy */ = {
			isa = PBXContainerItemProxy;
			containerPortal = 8E81CC8D241FCC7D006F2437 /* Project object */;
			proxyType = 1;
			remoteGlobalIDString = 8E81CC94241FCC7D006F2437;
			remoteInfo = IVC;
		};
/* End PBXContainerItemProxy section */

/* Begin PBXFileReference section */
		2443947A2445F062003ED582 /* NSHeaderArcView.swift */ = {isa = PBXFileReference; fileEncoding = 4; lastKnownFileType = sourcecode.swift; path = NSHeaderArcView.swift; sourceTree = "<group>"; };
		2443947C2445F8A1003ED582 /* LICENCE.md */ = {isa = PBXFileReference; lastKnownFileType = net.daringfireball.markdown; path = LICENCE.md; sourceTree = "<group>"; };
		2443947D2445F8A1003ED582 /* README.md */ = {isa = PBXFileReference; lastKnownFileType = net.daringfireball.markdown; path = README.md; sourceTree = "<group>"; };
		24780B06242DFCD9003BB26C /* User.swift */ = {isa = PBXFileReference; lastKnownFileType = sourcecode.swift; path = User.swift; sourceTree = "<group>"; };
		24780B08242DFCE4003BB26C /* Model.swift */ = {isa = PBXFileReference; lastKnownFileType = sourcecode.swift; path = Model.swift; sourceTree = "<group>"; };
		24780B0A242DFCFB003BB26C /* NSTabBarController.swift */ = {isa = PBXFileReference; lastKnownFileType = sourcecode.swift; path = NSTabBarController.swift; sourceTree = "<group>"; };
		24780B10242DFD2F003BB26C /* NSMeldungModuleView.swift */ = {isa = PBXFileReference; lastKnownFileType = sourcecode.swift; path = NSMeldungModuleView.swift; sourceTree = "<group>"; };
		24780B12242DFD3D003BB26C /* NSInformModuleView.swift */ = {isa = PBXFileReference; lastKnownFileType = sourcecode.swift; path = NSInformModuleView.swift; sourceTree = "<group>"; };
		24780B16242DFD7C003BB26C /* NSInformViewController.swift */ = {isa = PBXFileReference; lastKnownFileType = sourcecode.swift; path = NSInformViewController.swift; sourceTree = "<group>"; };
		24780B19242DFDAE003BB26C /* NSModuleBaseView.swift */ = {isa = PBXFileReference; lastKnownFileType = sourcecode.swift; path = NSModuleBaseView.swift; sourceTree = "<group>"; };
		24780B1B242DFE18003BB26C /* NSInfoViewController.swift */ = {isa = PBXFileReference; lastKnownFileType = sourcecode.swift; path = NSInfoViewController.swift; sourceTree = "<group>"; };
		24780B1F242DFE33003BB26C /* NSOnboardingViewController.swift */ = {isa = PBXFileReference; lastKnownFileType = sourcecode.swift; path = NSOnboardingViewController.swift; sourceTree = "<group>"; };
		24780B23242DFE6D003BB26C /* NSNavigationController.swift */ = {isa = PBXFileReference; lastKnownFileType = sourcecode.swift; path = NSNavigationController.swift; sourceTree = "<group>"; };
		24780B27242F3A4C003BB26C /* NSSymptomsViewController.swift */ = {isa = PBXFileReference; lastKnownFileType = sourcecode.swift; path = NSSymptomsViewController.swift; sourceTree = "<group>"; };
		24780B2B242F3CC2003BB26C /* NSInformStepViewController.swift */ = {isa = PBXFileReference; lastKnownFileType = sourcecode.swift; path = NSInformStepViewController.swift; sourceTree = "<group>"; };
		24780B2F242F3EAF003BB26C /* NSInformBottomButtonViewController.swift */ = {isa = PBXFileReference; lastKnownFileType = sourcecode.swift; path = NSInformBottomButtonViewController.swift; sourceTree = "<group>"; };
		24780B33242FDF4C003BB26C /* Launch Screen.storyboard */ = {isa = PBXFileReference; lastKnownFileType = file.storyboard; path = "Launch Screen.storyboard"; sourceTree = "<group>"; };
		24780B552431B5A9003BB26C /* NSPushHandler.swift */ = {isa = PBXFileReference; fileEncoding = 4; lastKnownFileType = sourcecode.swift; path = NSPushHandler.swift; sourceTree = "<group>"; };
		24780B562431B5A9003BB26C /* NSDateFormatter.swift */ = {isa = PBXFileReference; fileEncoding = 4; lastKnownFileType = sourcecode.swift; path = NSDateFormatter.swift; sourceTree = "<group>"; };
		24780B572431B5A9003BB26C /* NSTracingManager.swift */ = {isa = PBXFileReference; fileEncoding = 4; lastKnownFileType = sourcecode.swift; path = NSTracingManager.swift; sourceTree = "<group>"; };
		24780B582431B5A9003BB26C /* NSContentEnvironment.swift */ = {isa = PBXFileReference; fileEncoding = 4; lastKnownFileType = sourcecode.swift; path = NSContentEnvironment.swift; sourceTree = "<group>"; };
		24780B592431B5A9003BB26C /* NSTracingLocalPush.swift */ = {isa = PBXFileReference; fileEncoding = 4; lastKnownFileType = sourcecode.swift; path = NSTracingLocalPush.swift; sourceTree = "<group>"; };
		24D5EF672448CAB900C197D6 /* NSUIStateManager.swift */ = {isa = PBXFileReference; lastKnownFileType = sourcecode.swift; path = NSUIStateManager.swift; sourceTree = "<group>"; };
		24D5EF692448CAE800C197D6 /* NSUIStateModel.swift */ = {isa = PBXFileReference; lastKnownFileType = sourcecode.swift; path = NSUIStateModel.swift; sourceTree = "<group>"; };
		6E1771532440B09A0008D73D /* NSCodeInputViewController.swift */ = {isa = PBXFileReference; lastKnownFileType = sourcecode.swift; path = NSCodeInputViewController.swift; sourceTree = "<group>"; };
		6E1771552440B5140008D73D /* NSCodeInputControl.swift */ = {isa = PBXFileReference; lastKnownFileType = sourcecode.swift; path = NSCodeInputControl.swift; sourceTree = "<group>"; };
		6E3F65F62449B61A00980A4E /* NSDebugscreenViewController.swift */ = {isa = PBXFileReference; lastKnownFileType = sourcecode.swift; path = NSDebugscreenViewController.swift; sourceTree = "<group>"; };
		6E3F65F82449CC9F00980A4E /* NSDebugScreenMockView.swift */ = {isa = PBXFileReference; lastKnownFileType = sourcecode.swift; path = NSDebugScreenMockView.swift; sourceTree = "<group>"; };
		6E3F65FA2449CF0900980A4E /* NSSimpleModuleBaseView.swift */ = {isa = PBXFileReference; lastKnownFileType = sourcecode.swift; path = NSSimpleModuleBaseView.swift; sourceTree = "<group>"; };
		6E3F65FC2449F31D00980A4E /* NSDebugScreenSDKStatusView.swift */ = {isa = PBXFileReference; lastKnownFileType = sourcecode.swift; path = NSDebugScreenSDKStatusView.swift; sourceTree = "<group>"; };
		6E6E516E242F4FE0006E532E /* NSConfigManager.swift */ = {isa = PBXFileReference; fileEncoding = 4; lastKnownFileType = sourcecode.swift; path = NSConfigManager.swift; sourceTree = "<group>"; };
		6E6E5170242F5026006E532E /* NSConfig.swift */ = {isa = PBXFileReference; fileEncoding = 4; lastKnownFileType = sourcecode.swift; path = NSConfig.swift; sourceTree = "<group>"; };
		6E6E517E242F9586006E532E /* NSInformThankYouViewController.swift */ = {isa = PBXFileReference; fileEncoding = 4; lastKnownFileType = sourcecode.swift; path = NSInformThankYouViewController.swift; sourceTree = "<group>"; };
		6E6E517F242F9586006E532E /* NSCheckboxControl.swift */ = {isa = PBXFileReference; fileEncoding = 4; lastKnownFileType = sourcecode.swift; path = NSCheckboxControl.swift; sourceTree = "<group>"; };
		6E6E5180242F9586006E532E /* NSCheckBoxView.swift */ = {isa = PBXFileReference; fileEncoding = 4; lastKnownFileType = sourcecode.swift; path = NSCheckBoxView.swift; sourceTree = "<group>"; };
		6E6E5181242F9586006E532E /* NSInformButton.swift */ = {isa = PBXFileReference; fileEncoding = 4; lastKnownFileType = sourcecode.swift; path = NSInformButton.swift; sourceTree = "<group>"; };
		6E6E5182242F9586006E532E /* NSSendViewController.swift */ = {isa = PBXFileReference; fileEncoding = 4; lastKnownFileType = sourcecode.swift; path = NSSendViewController.swift; sourceTree = "<group>"; };
		6E6E5183242F9586006E532E /* NSInformNoSymptomsViewController.swift */ = {isa = PBXFileReference; fileEncoding = 4; lastKnownFileType = sourcecode.swift; path = NSInformNoSymptomsViewController.swift; sourceTree = "<group>"; };
		6E6E518A242FA39C006E532E /* NSVerhaltenViewController.swift */ = {isa = PBXFileReference; lastKnownFileType = sourcecode.swift; path = NSVerhaltenViewController.swift; sourceTree = "<group>"; };
		6E6E518D242FB9A8006E532E /* NSAppTitleView.swift */ = {isa = PBXFileReference; lastKnownFileType = sourcecode.swift; path = NSAppTitleView.swift; sourceTree = "<group>"; };
		6E6E518F242FCE13006E532E /* NSFancyNumberView.swift */ = {isa = PBXFileReference; lastKnownFileType = sourcecode.swift; path = NSFancyNumberView.swift; sourceTree = "<group>"; };
		6E6E5191243121D2006E532E /* NSErrorView.swift */ = {isa = PBXFileReference; lastKnownFileType = sourcecode.swift; path = NSErrorView.swift; sourceTree = "<group>"; };
		6E7C0D1D242CE02D0017C4F9 /* NSLabelType.swift */ = {isa = PBXFileReference; lastKnownFileType = sourcecode.swift; path = NSLabelType.swift; sourceTree = "<group>"; };
		6E7C0D1F242CE1190017C4F9 /* UIColor+NS.swift */ = {isa = PBXFileReference; lastKnownFileType = sourcecode.swift; path = "UIColor+NS.swift"; sourceTree = "<group>"; };
		6E7C0D21242CE2100017C4F9 /* NSButton.swift */ = {isa = PBXFileReference; lastKnownFileType = sourcecode.swift; path = NSButton.swift; sourceTree = "<group>"; };
		6E7C0D26242D04280017C4F9 /* Inter-ExtraBold.ttf */ = {isa = PBXFileReference; lastKnownFileType = file; path = "Inter-ExtraBold.ttf"; sourceTree = "<group>"; };
		6E7C0D27242D04280017C4F9 /* Inter-SemiBold.ttf */ = {isa = PBXFileReference; lastKnownFileType = file; path = "Inter-SemiBold.ttf"; sourceTree = "<group>"; };
		6E7C0D28242D04280017C4F9 /* Inter-Bold.ttf */ = {isa = PBXFileReference; lastKnownFileType = file; path = "Inter-Bold.ttf"; sourceTree = "<group>"; };
		6E7C0D29242D04280017C4F9 /* Inter-Black.ttf */ = {isa = PBXFileReference; lastKnownFileType = file; path = "Inter-Black.ttf"; sourceTree = "<group>"; };
		6E7C0D2A242D04280017C4F9 /* Inter-Light.ttf */ = {isa = PBXFileReference; lastKnownFileType = file; path = "Inter-Light.ttf"; sourceTree = "<group>"; };
		6E7C0D2B242D04290017C4F9 /* Inter-Regular.ttf */ = {isa = PBXFileReference; lastKnownFileType = file; path = "Inter-Regular.ttf"; sourceTree = "<group>"; };
		6E7C0D2C242D04290017C4F9 /* Inter-Medium.ttf */ = {isa = PBXFileReference; lastKnownFileType = file; path = "Inter-Medium.ttf"; sourceTree = "<group>"; };
		6E7C0D2D242D04290017C4F9 /* Inter-ExtraLight.ttf */ = {isa = PBXFileReference; lastKnownFileType = file; path = "Inter-ExtraLight.ttf"; sourceTree = "<group>"; };
		6E7C0D36242E02600017C4F9 /* NSStackScrollView.swift */ = {isa = PBXFileReference; lastKnownFileType = sourcecode.swift; path = NSStackScrollView.swift; sourceTree = "<group>"; };
		6E7C0D38242E02A20017C4F9 /* NSLayoutConstants.swift */ = {isa = PBXFileReference; lastKnownFileType = sourcecode.swift; path = NSLayoutConstants.swift; sourceTree = "<group>"; };
		6E7C0D42242E44D80017C4F9 /* NSWebViewController.swift */ = {isa = PBXFileReference; lastKnownFileType = sourcecode.swift; path = NSWebViewController.swift; sourceTree = "<group>"; };
		6E7C0D44242E4AA90017C4F9 /* NSLoadingView.swift */ = {isa = PBXFileReference; lastKnownFileType = sourcecode.swift; path = NSLoadingView.swift; sourceTree = "<group>"; };
		6E7C0D46242E58600017C4F9 /* NSAboutViewController.swift */ = {isa = PBXFileReference; lastKnownFileType = sourcecode.swift; path = NSAboutViewController.swift; sourceTree = "<group>"; };
		6EA49E2824443E69009EFCAB /* NSSimpleTextButton.swift */ = {isa = PBXFileReference; lastKnownFileType = sourcecode.swift; path = NSSimpleTextButton.swift; sourceTree = "<group>"; };
		6EA49E2A2444410D009EFCAB /* NSNoCodeInformationViewController.swift */ = {isa = PBXFileReference; lastKnownFileType = sourcecode.swift; path = NSNoCodeInformationViewController.swift; sourceTree = "<group>"; };
		6EFB097424459B870097BD3D /* NSBegegnungenDetailViewController.swift */ = {isa = PBXFileReference; lastKnownFileType = sourcecode.swift; path = NSBegegnungenDetailViewController.swift; sourceTree = "<group>"; };
		6EFB09762445B1940097BD3D /* NSBluetoothSettingsControl.swift */ = {isa = PBXFileReference; lastKnownFileType = sourcecode.swift; path = NSBluetoothSettingsControl.swift; sourceTree = "<group>"; };
		6EFB09782445B2CA0097BD3D /* NSBluetoothSettingsDetailView.swift */ = {isa = PBXFileReference; lastKnownFileType = sourcecode.swift; path = NSBluetoothSettingsDetailView.swift; sourceTree = "<group>"; };
		6EFB097A2445C2210097BD3D /* NSPointTextView.swift */ = {isa = PBXFileReference; lastKnownFileType = sourcecode.swift; path = NSPointTextView.swift; sourceTree = "<group>"; };
		6EFB097D244603560097BD3D /* NSMeldungenDetailViewController.swift */ = {isa = PBXFileReference; lastKnownFileType = sourcecode.swift; path = NSMeldungenDetailViewController.swift; sourceTree = "<group>"; };
		8E81CC95241FCC7D006F2437 /* NextStep.app */ = {isa = PBXFileReference; explicitFileType = wrapper.application; includeInIndex = 0; path = NextStep.app; sourceTree = BUILT_PRODUCTS_DIR; };
		8E81CC98241FCC7D006F2437 /* AppDelegate.swift */ = {isa = PBXFileReference; lastKnownFileType = sourcecode.swift; path = AppDelegate.swift; sourceTree = "<group>"; };
		8E81CC9C241FCC7D006F2437 /* NSViewController.swift */ = {isa = PBXFileReference; lastKnownFileType = sourcecode.swift; path = NSViewController.swift; sourceTree = "<group>"; };
		8E81CCA1241FCC7F006F2437 /* Assets.xcassets */ = {isa = PBXFileReference; lastKnownFileType = folder.assetcatalog; path = Assets.xcassets; sourceTree = "<group>"; };
		8E81CCA6241FCC7F006F2437 /* Info.plist */ = {isa = PBXFileReference; lastKnownFileType = text.plist.xml; path = Info.plist; sourceTree = "<group>"; };
		8E81CCAB241FCC7F006F2437 /* NextStepTests.xctest */ = {isa = PBXFileReference; explicitFileType = wrapper.cfbundle; includeInIndex = 0; path = NextStepTests.xctest; sourceTree = BUILT_PRODUCTS_DIR; };
		8E81CCAF241FCC7F006F2437 /* NextStepTests.swift */ = {isa = PBXFileReference; lastKnownFileType = sourcecode.swift; path = NextStepTests.swift; sourceTree = "<group>"; };
		8E81CCB1241FCC7F006F2437 /* Info.plist */ = {isa = PBXFileReference; lastKnownFileType = text.plist.xml; path = Info.plist; sourceTree = "<group>"; };
		AACFA6A2243088A4005595E6 /* NSAnimatedGraphView.swift */ = {isa = PBXFileReference; lastKnownFileType = sourcecode.swift; path = NSAnimatedGraphView.swift; sourceTree = "<group>"; };
		AAF73662242F2DC90051E34A /* NSModuleHeaderView.swift */ = {isa = PBXFileReference; lastKnownFileType = sourcecode.swift; path = NSModuleHeaderView.swift; sourceTree = "<group>"; };
		AAF73665242F2EA00051E34A /* NSBegegnungenModuleView.swift */ = {isa = PBXFileReference; lastKnownFileType = sourcecode.swift; path = NSBegegnungenModuleView.swift; sourceTree = "<group>"; };
		AAF73667242F3D030051E34A /* UIStackView+NS.swift */ = {isa = PBXFileReference; lastKnownFileType = sourcecode.swift; path = "UIStackView+NS.swift"; sourceTree = "<group>"; };
		AAF7366A2430838A0051E34A /* NSAnimatedGraphLayer.swift */ = {isa = PBXFileReference; lastKnownFileType = sourcecode.swift; path = NSAnimatedGraphLayer.swift; sourceTree = "<group>"; };
		DC175E3F2430C4C700BD2AD6 /* NSOnboardingContentViewController.swift */ = {isa = PBXFileReference; lastKnownFileType = sourcecode.swift; path = NSOnboardingContentViewController.swift; sourceTree = "<group>"; };
		DC175E412430C4F900BD2AD6 /* NSOnboardingPermissionsViewController.swift */ = {isa = PBXFileReference; lastKnownFileType = sourcecode.swift; path = NSOnboardingPermissionsViewController.swift; sourceTree = "<group>"; };
		DC175E432430D4B400BD2AD6 /* NextStep.entitlements */ = {isa = PBXFileReference; lastKnownFileType = text.plist.entitlements; path = NextStep.entitlements; sourceTree = "<group>"; };
		DC286A25242CE0B9001D5344 /* NSBackendEnvironment.swift */ = {isa = PBXFileReference; lastKnownFileType = sourcecode.swift; path = NSBackendEnvironment.swift; sourceTree = "<group>"; };
		DC56B8B8242EA7760077B99C /* NSOnboardingStepModel.swift */ = {isa = PBXFileReference; lastKnownFileType = sourcecode.swift; path = NSOnboardingStepModel.swift; sourceTree = "<group>"; };
		DC56B8BA242EACF00077B99C /* NSOnboardingStepViewController.swift */ = {isa = PBXFileReference; lastKnownFileType = sourcecode.swift; path = NSOnboardingStepViewController.swift; sourceTree = "<group>"; };
		DC702AFA243F6D870066C773 /* UBLabelType.swift */ = {isa = PBXFileReference; lastKnownFileType = sourcecode.swift; path = UBLabelType.swift; sourceTree = "<group>"; };
		DC702AFC243F6E410066C773 /* UBButton.swift */ = {isa = PBXFileReference; lastKnownFileType = sourcecode.swift; path = UBButton.swift; sourceTree = "<group>"; };
		DC702AFE243F6ED90066C773 /* UIColor+HEX.swift */ = {isa = PBXFileReference; lastKnownFileType = sourcecode.swift; path = "UIColor+HEX.swift"; sourceTree = "<group>"; };
		DC702B00243F6F640066C773 /* String+NS.swift */ = {isa = PBXFileReference; lastKnownFileType = sourcecode.swift; path = "String+NS.swift"; sourceTree = "<group>"; };
		DC702B03243F6FAE0066C773 /* UBOptionalUserDefault.swift */ = {isa = PBXFileReference; fileEncoding = 4; lastKnownFileType = sourcecode.swift; path = UBOptionalUserDefault.swift; sourceTree = "<group>"; };
		DC702B04243F6FAE0066C773 /* UBPListValue.swift */ = {isa = PBXFileReference; fileEncoding = 4; lastKnownFileType = sourcecode.swift; path = UBPListValue.swift; sourceTree = "<group>"; };
		DC702B05243F6FAE0066C773 /* UBUserDefault.swift */ = {isa = PBXFileReference; fileEncoding = 4; lastKnownFileType = sourcecode.swift; path = UBUserDefault.swift; sourceTree = "<group>"; };
		DC702B06243F6FAE0066C773 /* UBCodable.swift */ = {isa = PBXFileReference; fileEncoding = 4; lastKnownFileType = sourcecode.swift; path = UBCodable.swift; sourceTree = "<group>"; };
		DC702B07243F6FAE0066C773 /* UBRawRepresentable.swift */ = {isa = PBXFileReference; fileEncoding = 4; lastKnownFileType = sourcecode.swift; path = UBRawRepresentable.swift; sourceTree = "<group>"; };
		DC702B08243F6FAE0066C773 /* UBKeychainStored.swift */ = {isa = PBXFileReference; fileEncoding = 4; lastKnownFileType = sourcecode.swift; path = UBKeychainStored.swift; sourceTree = "<group>"; };
		DC702B09243F6FAE0066C773 /* UBUserDefaultValue.swift */ = {isa = PBXFileReference; fileEncoding = 4; lastKnownFileType = sourcecode.swift; path = UBUserDefaultValue.swift; sourceTree = "<group>"; };
		DC702B12243F6FD90066C773 /* UBKeychain.swift */ = {isa = PBXFileReference; fileEncoding = 4; lastKnownFileType = sourcecode.swift; path = UBKeychain.swift; sourceTree = "<group>"; };
		DC702B13243F6FD90066C773 /* UBKeychainAccessibility.swift */ = {isa = PBXFileReference; fileEncoding = 4; lastKnownFileType = sourcecode.swift; path = UBKeychainAccessibility.swift; sourceTree = "<group>"; };
		DC702B16243F70060066C773 /* UIView+NS.swift */ = {isa = PBXFileReference; lastKnownFileType = sourcecode.swift; path = "UIView+NS.swift"; sourceTree = "<group>"; };
		DC702B19243F70C80066C773 /* UBPushHandler.swift */ = {isa = PBXFileReference; fileEncoding = 4; lastKnownFileType = sourcecode.swift; path = UBPushHandler.swift; sourceTree = "<group>"; };
		DC702B1A243F70C80066C773 /* UBPushManager.swift */ = {isa = PBXFileReference; fileEncoding = 4; lastKnownFileType = sourcecode.swift; path = UBPushManager.swift; sourceTree = "<group>"; };
		DC702B1B243F70C80066C773 /* UBPushLocalStorage.swift */ = {isa = PBXFileReference; fileEncoding = 4; lastKnownFileType = sourcecode.swift; path = UBPushLocalStorage.swift; sourceTree = "<group>"; };
		DC702B1C243F70C80066C773 /* UBPushManagerError.swift */ = {isa = PBXFileReference; fileEncoding = 4; lastKnownFileType = sourcecode.swift; path = UBPushManagerError.swift; sourceTree = "<group>"; };
		DC702B1D243F70C80066C773 /* UBPushRegistrationManager.swift */ = {isa = PBXFileReference; fileEncoding = 4; lastKnownFileType = sourcecode.swift; path = UBPushRegistrationManager.swift; sourceTree = "<group>"; };
		DC702B25243F74E70066C773 /* UBDeviceUUID.swift */ = {isa = PBXFileReference; lastKnownFileType = sourcecode.swift; path = UBDeviceUUID.swift; sourceTree = "<group>"; };
		DC9A81A2242CE5E000AD1548 /* de */ = {isa = PBXFileReference; lastKnownFileType = text.plist.strings; name = de; path = de.lproj/Localizable.strings; sourceTree = "<group>"; };
		DC9A81A4242CE5E000AD1548 /* de */ = {isa = PBXFileReference; lastKnownFileType = text.plist.strings; name = de; path = de.lproj/InfoPlist.strings; sourceTree = "<group>"; };
		DC9A81A5242CE5E000AD1548 /* en */ = {isa = PBXFileReference; lastKnownFileType = text.plist.strings; name = en; path = en.lproj/Localizable.strings; sourceTree = "<group>"; };
		DC9A81A6242CE5E000AD1548 /* en */ = {isa = PBXFileReference; lastKnownFileType = text.plist.strings; name = en; path = en.lproj/InfoPlist.strings; sourceTree = "<group>"; };
		DC9A81A7242CE5E000AD1548 /* it */ = {isa = PBXFileReference; lastKnownFileType = text.plist.strings; name = it; path = it.lproj/Localizable.strings; sourceTree = "<group>"; };
		DC9A81A8242CE5E000AD1548 /* it */ = {isa = PBXFileReference; lastKnownFileType = text.plist.strings; name = it; path = it.lproj/InfoPlist.strings; sourceTree = "<group>"; };
		DC9A81A9242CE5E000AD1548 /* fr */ = {isa = PBXFileReference; lastKnownFileType = text.plist.strings; name = fr; path = fr.lproj/Localizable.strings; sourceTree = "<group>"; };
		DC9A81AA242CE5E000AD1548 /* fr */ = {isa = PBXFileReference; lastKnownFileType = text.plist.strings; name = fr; path = fr.lproj/InfoPlist.strings; sourceTree = "<group>"; };
		DCB44314242DFF8000F19AA5 /* NSHomescreenViewController.swift */ = {isa = PBXFileReference; lastKnownFileType = sourcecode.swift; path = NSHomescreenViewController.swift; sourceTree = "<group>"; };
/* End PBXFileReference section */

/* Begin PBXFrameworksBuildPhase section */
		8E81CC92241FCC7D006F2437 /* Frameworks */ = {
			isa = PBXFrameworksBuildPhase;
			buildActionMask = 2147483647;
			files = (
				2443948A24463ED2003ED582 /* DP3TSDK in Frameworks */,
				8E81CCCF241FD813006F2437 /* SnapKit in Frameworks */,
			);
			runOnlyForDeploymentPostprocessing = 0;
		};
		8E81CCA8241FCC7F006F2437 /* Frameworks */ = {
			isa = PBXFrameworksBuildPhase;
			buildActionMask = 2147483647;
			files = (
			);
			runOnlyForDeploymentPostprocessing = 0;
		};
/* End PBXFrameworksBuildPhase section */

/* Begin PBXGroup section */
		2443947E24463A14003ED582 /* Tracing */ = {
			isa = PBXGroup;
			children = (
				24780B572431B5A9003BB26C /* NSTracingManager.swift */,
				24D5EF692448CAE800C197D6 /* NSUIStateModel.swift */,
				24D5EF672448CAB900C197D6 /* NSUIStateManager.swift */,
				24780B552431B5A9003BB26C /* NSPushHandler.swift */,
				24780B592431B5A9003BB26C /* NSTracingLocalPush.swift */,
			);
			path = Tracing;
			sourceTree = "<group>";
		};
		2443947F24463A46003ED582 /* Helpers */ = {
			isa = PBXGroup;
			children = (
				24780B562431B5A9003BB26C /* NSDateFormatter.swift */,
			);
			path = Helpers;
			sourceTree = "<group>";
		};
		2443948024463B01003ED582 /* Homescreen */ = {
			isa = PBXGroup;
			children = (
				24780AF5242DF7F6003BB26C /* Homescreen */,
				6EFB097324459B580097BD3D /* BegegnungenDetail */,
				6EFB097C2446032D0097BD3D /* Meldungen */,
				24780AF8242DF813003BB26C /* InformBroadcast */,
			);
			path = Homescreen;
			sourceTree = "<group>";
		};
		2443948124463B71003ED582 /* CodeInput */ = {
			isa = PBXGroup;
			children = (
				6E1771532440B09A0008D73D /* NSCodeInputViewController.swift */,
				6E1771552440B5140008D73D /* NSCodeInputControl.swift */,
				6EA49E2A2444410D009EFCAB /* NSNoCodeInformationViewController.swift */,
			);
			path = CodeInput;
			sourceTree = "<group>";
		};
		2443948224463B91003ED582 /* Symptoms */ = {
			isa = PBXGroup;
			children = (
				6E6E517F242F9586006E532E /* NSCheckboxControl.swift */,
				6E6E5180242F9586006E532E /* NSCheckBoxView.swift */,
				24780B27242F3A4C003BB26C /* NSSymptomsViewController.swift */,
			);
			path = Symptoms;
			sourceTree = "<group>";
		};
		2443948324463BB4003ED582 /* InformFirstStep */ = {
			isa = PBXGroup;
			children = (
				6E6E5181242F9586006E532E /* NSInformButton.swift */,
				24780B16242DFD7C003BB26C /* NSInformViewController.swift */,
			);
			path = InformFirstStep;
			sourceTree = "<group>";
		};
		2443948424463BCE003ED582 /* Base */ = {
			isa = PBXGroup;
			children = (
				24780B2B242F3CC2003BB26C /* NSInformStepViewController.swift */,
				24780B2F242F3EAF003BB26C /* NSInformBottomButtonViewController.swift */,
			);
			path = Base;
			sourceTree = "<group>";
		};
		2443948524463BE4003ED582 /* PositiveTest */ = {
			isa = PBXGroup;
			children = (
				6E6E5183242F9586006E532E /* NSInformNoSymptomsViewController.swift */,
			);
			path = PositiveTest;
			sourceTree = "<group>";
		};
		2443948624463BFB003ED582 /* Send */ = {
			isa = PBXGroup;
			children = (
				6E6E5182242F9586006E532E /* NSSendViewController.swift */,
			);
			path = Send;
			sourceTree = "<group>";
		};
		2443948724463C04003ED582 /* Finish */ = {
			isa = PBXGroup;
			children = (
				6E6E517E242F9586006E532E /* NSInformThankYouViewController.swift */,
			);
			path = Finish;
			sourceTree = "<group>";
		};
		24780AF5242DF7F6003BB26C /* Homescreen */ = {
			isa = PBXGroup;
			children = (
				DCB44314242DFF8000F19AA5 /* NSHomescreenViewController.swift */,
				24F35ACF2445BDB500A1B7AB /* Header */,
				24780B18242DFD98003BB26C /* Base */,
				24780AFE242DF8AA003BB26C /* Meldung */,
				AAF73664242F2E300051E34A /* Begegnungen */,
				24780AFA242DF854003BB26C /* Inform */,
			);
			path = Homescreen;
			sourceTree = "<group>";
		};
		24780AF6242DF801003BB26C /* Onboarding */ = {
			isa = PBXGroup;
			children = (
				24780B1F242DFE33003BB26C /* NSOnboardingViewController.swift */,
				DC175E3F2430C4C700BD2AD6 /* NSOnboardingContentViewController.swift */,
				DC56B8BA242EACF00077B99C /* NSOnboardingStepViewController.swift */,
				DC175E412430C4F900BD2AD6 /* NSOnboardingPermissionsViewController.swift */,
				DC56B8B8242EA7760077B99C /* NSOnboardingStepModel.swift */,
			);
			path = Onboarding;
			sourceTree = "<group>";
		};
		24780AF7242DF807003BB26C /* InfoTabs */ = {
			isa = PBXGroup;
			children = (
				24780B1B242DFE18003BB26C /* NSInfoViewController.swift */,
				6E7C0D46242E58600017C4F9 /* NSAboutViewController.swift */,
				6E6E518A242FA39C006E532E /* NSVerhaltenViewController.swift */,
			);
			path = InfoTabs;
			sourceTree = "<group>";
		};
		24780AF8242DF813003BB26C /* InformBroadcast */ = {
			isa = PBXGroup;
			children = (
				2443948424463BCE003ED582 /* Base */,
				2443948324463BB4003ED582 /* InformFirstStep */,
				2443948224463B91003ED582 /* Symptoms */,
				2443948524463BE4003ED582 /* PositiveTest */,
				2443948124463B71003ED582 /* CodeInput */,
				2443948624463BFB003ED582 /* Send */,
				2443948724463C04003ED582 /* Finish */,
			);
			path = InformBroadcast;
			sourceTree = "<group>";
		};
		24780AF9242DF828003BB26C /* Navigation */ = {
			isa = PBXGroup;
			children = (
				24780B582431B5A9003BB26C /* NSContentEnvironment.swift */,
				24780B0A242DFCFB003BB26C /* NSTabBarController.swift */,
				24780B23242DFE6D003BB26C /* NSNavigationController.swift */,
			);
			path = Navigation;
			sourceTree = "<group>";
		};
		24780AFA242DF854003BB26C /* Inform */ = {
			isa = PBXGroup;
			children = (
				24780B12242DFD3D003BB26C /* NSInformModuleView.swift */,
			);
			path = Inform;
			sourceTree = "<group>";
		};
		24780AFE242DF8AA003BB26C /* Meldung */ = {
			isa = PBXGroup;
			children = (
				24780B10242DFD2F003BB26C /* NSMeldungModuleView.swift */,
			);
			path = Meldung;
			sourceTree = "<group>";
		};
		24780AFF242DF970003BB26C /* Networking */ = {
			isa = PBXGroup;
			children = (
				6E6E516E242F4FE0006E532E /* NSConfigManager.swift */,
				DC286A25242CE0B9001D5344 /* NSBackendEnvironment.swift */,
			);
			path = Networking;
			sourceTree = "<group>";
		};
		24780B00242DF983003BB26C /* User */ = {
			isa = PBXGroup;
			children = (
				24780B06242DFCD9003BB26C /* User.swift */,
			);
			path = User;
			sourceTree = "<group>";
		};
		24780B01242DF99A003BB26C /* Models */ = {
			isa = PBXGroup;
			children = (
				6E6E5170242F5026006E532E /* NSConfig.swift */,
				24780B08242DFCE4003BB26C /* Model.swift */,
			);
			path = Models;
			sourceTree = "<group>";
		};
		24780B02242DF9C7003BB26C /* Style */ = {
			isa = PBXGroup;
			children = (
				6E7C0D1D242CE02D0017C4F9 /* NSLabelType.swift */,
				6E7C0D1F242CE1190017C4F9 /* UIColor+NS.swift */,
				6E7C0D38242E02A20017C4F9 /* NSLayoutConstants.swift */,
			);
			path = Style;
			sourceTree = "<group>";
		};
		24780B03242DF9DB003BB26C /* Base */ = {
			isa = PBXGroup;
			children = (
				8E81CC9C241FCC7D006F2437 /* NSViewController.swift */,
				6E7C0D36242E02600017C4F9 /* NSStackScrollView.swift */,
				6E7C0D42242E44D80017C4F9 /* NSWebViewController.swift */,
				6E6E518F242FCE13006E532E /* NSFancyNumberView.swift */,
			);
			path = Base;
			sourceTree = "<group>";
		};
		24780B04242DF9ED003BB26C /* Controls */ = {
			isa = PBXGroup;
			children = (
				6E7C0D21242CE2100017C4F9 /* NSButton.swift */,
				6E7C0D44242E4AA90017C4F9 /* NSLoadingView.swift */,
				AAF7366A2430838A0051E34A /* NSAnimatedGraphLayer.swift */,
				AACFA6A2243088A4005595E6 /* NSAnimatedGraphView.swift */,
				6EA49E2824443E69009EFCAB /* NSSimpleTextButton.swift */,
			);
			path = Controls;
			sourceTree = "<group>";
		};
		24780B05242DFA1E003BB26C /* Helpers */ = {
			isa = PBXGroup;
			children = (
				AAF73667242F3D030051E34A /* UIStackView+NS.swift */,
				DC702AFA243F6D870066C773 /* UBLabelType.swift */,
				DC702AFC243F6E410066C773 /* UBButton.swift */,
				DC702AFE243F6ED90066C773 /* UIColor+HEX.swift */,
				DC702B00243F6F640066C773 /* String+NS.swift */,
				DC702B02243F6FAE0066C773 /* UBUserDefault */,
				DC702B16243F70060066C773 /* UIView+NS.swift */,
				DC702B25243F74E70066C773 /* UBDeviceUUID.swift */,
			);
			path = Helpers;
			sourceTree = "<group>";
		};
		24780B18242DFD98003BB26C /* Base */ = {
			isa = PBXGroup;
			children = (
				6E3F65FA2449CF0900980A4E /* NSSimpleModuleBaseView.swift */,
				24780B19242DFDAE003BB26C /* NSModuleBaseView.swift */,
				AAF73662242F2DC90051E34A /* NSModuleHeaderView.swift */,
				6E6E5191243121D2006E532E /* NSErrorView.swift */,
			);
			path = Base;
			sourceTree = "<group>";
		};
		24780B3B2430BC00003BB26C /* Frameworks */ = {
			isa = PBXGroup;
			children = (
			);
			name = Frameworks;
			sourceTree = "<group>";
		};
		24F35ACF2445BDB500A1B7AB /* Header */ = {
			isa = PBXGroup;
			children = (
				6E6E518D242FB9A8006E532E /* NSAppTitleView.swift */,
				2443947A2445F062003ED582 /* NSHeaderArcView.swift */,
			);
			path = Header;
			sourceTree = "<group>";
		};
		6E3F65F52449B5F000980A4E /* Debugscreen */ = {
			isa = PBXGroup;
			children = (
				6E3F65F62449B61A00980A4E /* NSDebugscreenViewController.swift */,
				6E3F65F82449CC9F00980A4E /* NSDebugScreenMockView.swift */,
				6E3F65FC2449F31D00980A4E /* NSDebugScreenSDKStatusView.swift */,
			);
			path = Debugscreen;
			sourceTree = "<group>";
		};
		6E7C0D23242D01860017C4F9 /* Font */ = {
			isa = PBXGroup;
			children = (
				6E7C0D29242D04280017C4F9 /* Inter-Black.ttf */,
				6E7C0D28242D04280017C4F9 /* Inter-Bold.ttf */,
				6E7C0D26242D04280017C4F9 /* Inter-ExtraBold.ttf */,
				6E7C0D2D242D04290017C4F9 /* Inter-ExtraLight.ttf */,
				6E7C0D2A242D04280017C4F9 /* Inter-Light.ttf */,
				6E7C0D2C242D04290017C4F9 /* Inter-Medium.ttf */,
				6E7C0D2B242D04290017C4F9 /* Inter-Regular.ttf */,
				6E7C0D27242D04280017C4F9 /* Inter-SemiBold.ttf */,
			);
			path = Font;
			sourceTree = "<group>";
		};
		6EBD8D2A242CB7D500686D9F /* SharedUI */ = {
			isa = PBXGroup;
			children = (
				24780B05242DFA1E003BB26C /* Helpers */,
				24780B04242DF9ED003BB26C /* Controls */,
				24780B03242DF9DB003BB26C /* Base */,
				24780B02242DF9C7003BB26C /* Style */,
			);
			path = SharedUI;
			sourceTree = "<group>";
		};
		6EFB097324459B580097BD3D /* BegegnungenDetail */ = {
			isa = PBXGroup;
			children = (
				6EFB097424459B870097BD3D /* NSBegegnungenDetailViewController.swift */,
				6EFB09762445B1940097BD3D /* NSBluetoothSettingsControl.swift */,
				6EFB09782445B2CA0097BD3D /* NSBluetoothSettingsDetailView.swift */,
				6EFB097A2445C2210097BD3D /* NSPointTextView.swift */,
			);
			path = BegegnungenDetail;
			sourceTree = "<group>";
		};
		6EFB097C2446032D0097BD3D /* Meldungen */ = {
			isa = PBXGroup;
			children = (
				6EFB097D244603560097BD3D /* NSMeldungenDetailViewController.swift */,
			);
			path = Meldungen;
			sourceTree = "<group>";
		};
		8E81CC8C241FCC7D006F2437 = {
			isa = PBXGroup;
			children = (
				2443947D2445F8A1003ED582 /* README.md */,
				2443947C2445F8A1003ED582 /* LICENCE.md */,
				8E81CC97241FCC7D006F2437 /* NextStep */,
				8E81CCAE241FCC7F006F2437 /* NextStepTests */,
				8E81CC96241FCC7D006F2437 /* Products */,
				24780B3B2430BC00003BB26C /* Frameworks */,
			);
			sourceTree = "<group>";
		};
		8E81CC96241FCC7D006F2437 /* Products */ = {
			isa = PBXGroup;
			children = (
				8E81CC95241FCC7D006F2437 /* NextStep.app */,
				8E81CCAB241FCC7F006F2437 /* NextStepTests.xctest */,
			);
			name = Products;
			sourceTree = "<group>";
		};
		8E81CC97241FCC7D006F2437 /* NextStep */ = {
			isa = PBXGroup;
			children = (
				DC286A24242CE0AD001D5344 /* Logic */,
				DC286A27242CE1D2001D5344 /* Screens */,
				6EBD8D2A242CB7D500686D9F /* SharedUI */,
				DC9A8196242CE44200AD1548 /* Resources */,
				DC9A8197242CE46F00AD1548 /* Supporting Files */,
			);
			path = NextStep;
			sourceTree = "<group>";
		};
		8E81CCAE241FCC7F006F2437 /* NextStepTests */ = {
			isa = PBXGroup;
			children = (
				8E81CCAF241FCC7F006F2437 /* NextStepTests.swift */,
				8E81CCB1241FCC7F006F2437 /* Info.plist */,
			);
			path = NextStepTests;
			sourceTree = "<group>";
		};
		AAF73664242F2E300051E34A /* Begegnungen */ = {
			isa = PBXGroup;
			children = (
				AAF73665242F2EA00051E34A /* NSBegegnungenModuleView.swift */,
			);
			path = Begegnungen;
			sourceTree = "<group>";
		};
		DC286A24242CE0AD001D5344 /* Logic */ = {
			isa = PBXGroup;
			children = (
				8E81CC98241FCC7D006F2437 /* AppDelegate.swift */,
				2443947E24463A14003ED582 /* Tracing */,
				24780B00242DF983003BB26C /* User */,
				24780AFF242DF970003BB26C /* Networking */,
				DC702B18243F70B80066C773 /* UBPushManager */,
				24780B01242DF99A003BB26C /* Models */,
				2443947F24463A46003ED582 /* Helpers */,
			);
			path = Logic;
			sourceTree = "<group>";
		};
		DC286A27242CE1D2001D5344 /* Screens */ = {
			isa = PBXGroup;
			children = (
				24780AF9242DF828003BB26C /* Navigation */,
				2443948024463B01003ED582 /* Homescreen */,
				24780AF7242DF807003BB26C /* InfoTabs */,
				24780AF6242DF801003BB26C /* Onboarding */,
				6E3F65F52449B5F000980A4E /* Debugscreen */,
			);
			path = Screens;
			sourceTree = "<group>";
		};
		DC702B02243F6FAE0066C773 /* UBUserDefault */ = {
			isa = PBXGroup;
			children = (
				DC702B11243F6FD90066C773 /* UBKeychain */,
				DC702B03243F6FAE0066C773 /* UBOptionalUserDefault.swift */,
				DC702B04243F6FAE0066C773 /* UBPListValue.swift */,
				DC702B05243F6FAE0066C773 /* UBUserDefault.swift */,
				DC702B06243F6FAE0066C773 /* UBCodable.swift */,
				DC702B07243F6FAE0066C773 /* UBRawRepresentable.swift */,
				DC702B08243F6FAE0066C773 /* UBKeychainStored.swift */,
				DC702B09243F6FAE0066C773 /* UBUserDefaultValue.swift */,
			);
			path = UBUserDefault;
			sourceTree = "<group>";
		};
		DC702B11243F6FD90066C773 /* UBKeychain */ = {
			isa = PBXGroup;
			children = (
				DC702B12243F6FD90066C773 /* UBKeychain.swift */,
				DC702B13243F6FD90066C773 /* UBKeychainAccessibility.swift */,
			);
			path = UBKeychain;
			sourceTree = "<group>";
		};
		DC702B18243F70B80066C773 /* UBPushManager */ = {
			isa = PBXGroup;
			children = (
				DC702B19243F70C80066C773 /* UBPushHandler.swift */,
				DC702B1B243F70C80066C773 /* UBPushLocalStorage.swift */,
				DC702B1A243F70C80066C773 /* UBPushManager.swift */,
				DC702B1C243F70C80066C773 /* UBPushManagerError.swift */,
				DC702B1D243F70C80066C773 /* UBPushRegistrationManager.swift */,
			);
			path = UBPushManager;
			sourceTree = "<group>";
		};
		DC9A8196242CE44200AD1548 /* Resources */ = {
			isa = PBXGroup;
			children = (
				6E7C0D23242D01860017C4F9 /* Font */,
				8E81CCA1241FCC7F006F2437 /* Assets.xcassets */,
				DC9A81A0242CE5E000AD1548 /* Translations */,
				24780B33242FDF4C003BB26C /* Launch Screen.storyboard */,
			);
			path = Resources;
			sourceTree = "<group>";
		};
		DC9A8197242CE46F00AD1548 /* Supporting Files */ = {
			isa = PBXGroup;
			children = (
				DC175E432430D4B400BD2AD6 /* NextStep.entitlements */,
				8E81CCA6241FCC7F006F2437 /* Info.plist */,
			);
			path = "Supporting Files";
			sourceTree = "<group>";
		};
		DC9A81A0242CE5E000AD1548 /* Translations */ = {
			isa = PBXGroup;
			children = (
				DC9A81A1242CE5E000AD1548 /* Localizable.strings */,
				DC9A81A3242CE5E000AD1548 /* InfoPlist.strings */,
			);
			path = Translations;
			sourceTree = SOURCE_ROOT;
		};
/* End PBXGroup section */

/* Begin PBXNativeTarget section */
		8E81CC94241FCC7D006F2437 /* NextStep */ = {
			isa = PBXNativeTarget;
			buildConfigurationList = 8E81CCB4241FCC7F006F2437 /* Build configuration list for PBXNativeTarget "NextStep" */;
			buildPhases = (
				8E81CCC0241FD2BC006F2437 /* Swift Format */,
				8E81CCC1241FD2EE006F2437 /* Swift Lint */,
				8E81CC91241FCC7D006F2437 /* Sources */,
				8E81CC92241FCC7D006F2437 /* Frameworks */,
				8E81CC93241FCC7D006F2437 /* Resources */,
				240879652440504500001462 /* ShellScript */,
			);
			buildRules = (
			);
			dependencies = (
			);
			name = NextStep;
			packageProductDependencies = (
				8E81CCCE241FD813006F2437 /* SnapKit */,
				2443948924463ED2003ED582 /* DP3TSDK */,
			);
			productName = IVC;
			productReference = 8E81CC95241FCC7D006F2437 /* NextStep.app */;
			productType = "com.apple.product-type.application";
		};
		8E81CCAA241FCC7F006F2437 /* NextStepTests */ = {
			isa = PBXNativeTarget;
			buildConfigurationList = 8E81CCB7241FCC7F006F2437 /* Build configuration list for PBXNativeTarget "NextStepTests" */;
			buildPhases = (
				8E81CCA7241FCC7F006F2437 /* Sources */,
				8E81CCA8241FCC7F006F2437 /* Frameworks */,
				8E81CCA9241FCC7F006F2437 /* Resources */,
			);
			buildRules = (
			);
			dependencies = (
				8E81CCAD241FCC7F006F2437 /* PBXTargetDependency */,
			);
			name = NextStepTests;
			productName = IVCTests;
			productReference = 8E81CCAB241FCC7F006F2437 /* NextStepTests.xctest */;
			productType = "com.apple.product-type.bundle.unit-test";
		};
/* End PBXNativeTarget section */

/* Begin PBXProject section */
		8E81CC8D241FCC7D006F2437 /* Project object */ = {
			isa = PBXProject;
			attributes = {
				CLASSPREFIX = NS;
				LastSwiftUpdateCheck = 1130;
				LastUpgradeCheck = 1130;
				ORGANIZATIONNAME = Ubique;
				TargetAttributes = {
					8E81CC94241FCC7D006F2437 = {
						CreatedOnToolsVersion = 11.3.1;
					};
					8E81CCAA241FCC7F006F2437 = {
						CreatedOnToolsVersion = 11.3.1;
						TestTargetID = 8E81CC94241FCC7D006F2437;
					};
					8E81CCC2241FD475006F2437 = {
						CreatedOnToolsVersion = 11.3.1;
					};
				};
			};
			buildConfigurationList = 8E81CC90241FCC7D006F2437 /* Build configuration list for PBXProject "NextStep" */;
			compatibilityVersion = "Xcode 9.3";
			developmentRegion = de;
			hasScannedForEncodings = 0;
			knownRegions = (
				fr,
				en,
				de,
				it,
				Base,
			);
			mainGroup = 8E81CC8C241FCC7D006F2437;
			packageReferences = (
				8E81CCCD241FD813006F2437 /* XCRemoteSwiftPackageReference "SnapKit" */,
				2443948824463ED2003ED582 /* XCRemoteSwiftPackageReference "dp3t-sdk-ios" */,
			);
			productRefGroup = 8E81CC96241FCC7D006F2437 /* Products */;
			projectDirPath = "";
			projectRoot = "";
			targets = (
				8E81CC94241FCC7D006F2437 /* NextStep */,
				8E81CCAA241FCC7F006F2437 /* NextStepTests */,
				8E81CCC2241FD475006F2437 /* Translation */,
			);
		};
/* End PBXProject section */

/* Begin PBXResourcesBuildPhase section */
		8E81CC93241FCC7D006F2437 /* Resources */ = {
			isa = PBXResourcesBuildPhase;
			buildActionMask = 2147483647;
			files = (
				DCB4430E242DD34700F19AA5 /* Inter-SemiBold.ttf in Resources */,
				DCB44308242DD34700F19AA5 /* Inter-Bold.ttf in Resources */,
				DCB4430B242DD34700F19AA5 /* Inter-Light.ttf in Resources */,
				8E81CCA2241FCC7F006F2437 /* Assets.xcassets in Resources */,
				DC9A81AC242CE5E000AD1548 /* InfoPlist.strings in Resources */,
				DCB4430A242DD34700F19AA5 /* Inter-ExtraLight.ttf in Resources */,
				24780B34242FDF4C003BB26C /* Launch Screen.storyboard in Resources */,
				DCB44309242DD34700F19AA5 /* Inter-ExtraBold.ttf in Resources */,
				DCB44307242DD34700F19AA5 /* Inter-Black.ttf in Resources */,
				DC9A81AB242CE5E000AD1548 /* Localizable.strings in Resources */,
				DCB4430D242DD34700F19AA5 /* Inter-Regular.ttf in Resources */,
				DCB4430C242DD34700F19AA5 /* Inter-Medium.ttf in Resources */,
			);
			runOnlyForDeploymentPostprocessing = 0;
		};
		8E81CCA9241FCC7F006F2437 /* Resources */ = {
			isa = PBXResourcesBuildPhase;
			buildActionMask = 2147483647;
			files = (
			);
			runOnlyForDeploymentPostprocessing = 0;
		};
/* End PBXResourcesBuildPhase section */

/* Begin PBXShellScriptBuildPhase section */
		240879652440504500001462 /* ShellScript */ = {
			isa = PBXShellScriptBuildPhase;
			buildActionMask = 2147483647;
			files = (
			);
			inputFileListPaths = (
			);
			inputPaths = (
			);
			outputFileListPaths = (
			);
			outputPaths = (
			);
			runOnlyForDeploymentPostprocessing = 0;
			shellPath = /bin/sh;
			shellScript = "CURRENT_PROJECT_VERSION=7\n";
		};
		8E81CCC0241FD2BC006F2437 /* Swift Format */ = {
			isa = PBXShellScriptBuildPhase;
			buildActionMask = 2147483647;
			files = (
			);
			inputFileListPaths = (
			);
			inputPaths = (
			);
			name = "Swift Format";
			outputFileListPaths = (
			);
			outputPaths = (
			);
			runOnlyForDeploymentPostprocessing = 0;
			shellPath = /bin/sh;
			shellScript = "PATH=${PATH}:/usr/local/bin # Pick up SwiftFormat from Homebrew\n\nif which swiftformat >/dev/null; then\nswiftformat --swiftversion ${SWIFT_VERSION} ${SRCROOT}\nelse\n    echo \"warning: SwiftFormat not installed, download from https://github.com/nicklockwood/SwiftFormat\"\nfi\n";
		};
		8E81CCC1241FD2EE006F2437 /* Swift Lint */ = {
			isa = PBXShellScriptBuildPhase;
			buildActionMask = 2147483647;
			files = (
			);
			inputFileListPaths = (
			);
			inputPaths = (
			);
			name = "Swift Lint";
			outputFileListPaths = (
			);
			outputPaths = (
			);
			runOnlyForDeploymentPostprocessing = 0;
			shellPath = /bin/sh;
			shellScript = "#if which swiftlint >/dev/null; then\n#    swiftlint autocorrect\n#else\n#    echo \"warning: SwiftLint not installed, download from https://github.com/realm/SwiftLint\"\n#fi\n";
		};
		8E81CCC7241FD47E006F2437 /* Fetch Translation */ = {
			isa = PBXShellScriptBuildPhase;
			buildActionMask = 2147483647;
			files = (
			);
			inputFileListPaths = (
			);
			inputPaths = (
			);
			name = "Fetch Translation";
			outputFileListPaths = (
			);
			outputPaths = (
			);
			runOnlyForDeploymentPostprocessing = 0;
			shellPath = /bin/sh;
			shellScript = "if ! [ -x \"$(command -v iOSTranslations)\" ]; then\n  echo 'Error: iOSTranslation not installed. Download it from https://bitbucket.org/ubique-innovation/iostranslations/' >&2\n  exit 1\nfi\necho \"Running Translation Script. This will take a few seconds...\"\niOSTranslations POEditor 327107 $PROJECT_DIR/Translations\n";
		};
/* End PBXShellScriptBuildPhase section */

/* Begin PBXSourcesBuildPhase section */
		8E81CC91241FCC7D006F2437 /* Sources */ = {
			isa = PBXSourcesBuildPhase;
			buildActionMask = 2147483647;
			files = (
				6E7C0D47242E58600017C4F9 /* NSAboutViewController.swift in Sources */,
				24780B5C2431B5A9003BB26C /* NSTracingManager.swift in Sources */,
				24780B5A2431B5A9003BB26C /* NSPushHandler.swift in Sources */,
				24780B2C242F3CC2003BB26C /* NSInformStepViewController.swift in Sources */,
				DC702AFD243F6E410066C773 /* UBButton.swift in Sources */,
				AAF73668242F3D030051E34A /* UIStackView+NS.swift in Sources */,
				DC56B8BB242EACF00077B99C /* NSOnboardingStepViewController.swift in Sources */,
				6E7C0D22242CE2100017C4F9 /* NSButton.swift in Sources */,
				DC702B21243F70C80066C773 /* UBPushLocalStorage.swift in Sources */,
				24780B5E2431B5A9003BB26C /* NSTracingLocalPush.swift in Sources */,
				DC702AFF243F6ED90066C773 /* UIColor+HEX.swift in Sources */,
				DC702B0E243F6FAE0066C773 /* UBRawRepresentable.swift in Sources */,
				6E7C0D37242E02600017C4F9 /* NSStackScrollView.swift in Sources */,
				6EA49E2924443E69009EFCAB /* NSSimpleTextButton.swift in Sources */,
				8E81CC9D241FCC7D006F2437 /* NSViewController.swift in Sources */,
				DC702B14243F6FD90066C773 /* UBKeychain.swift in Sources */,
				DC702B0C243F6FAE0066C773 /* UBUserDefault.swift in Sources */,
				AAF7366B2430838A0051E34A /* NSAnimatedGraphLayer.swift in Sources */,
				DC702B17243F70060066C773 /* UIView+NS.swift in Sources */,
				DC702B23243F70C80066C773 /* UBPushRegistrationManager.swift in Sources */,
				6E6E5187242F9586006E532E /* NSInformButton.swift in Sources */,
				24D5EF682448CAB900C197D6 /* NSUIStateManager.swift in Sources */,
				24780B24242DFE6D003BB26C /* NSNavigationController.swift in Sources */,
				6E7C0D1E242CE02D0017C4F9 /* NSLabelType.swift in Sources */,
				DC702B0B243F6FAE0066C773 /* UBPListValue.swift in Sources */,
				AAF73663242F2DC90051E34A /* NSModuleHeaderView.swift in Sources */,
				24780B1A242DFDAE003BB26C /* NSModuleBaseView.swift in Sources */,
				24780B5D2431B5A9003BB26C /* NSContentEnvironment.swift in Sources */,
				DC175E422430C4F900BD2AD6 /* NSOnboardingPermissionsViewController.swift in Sources */,
				6EFB097524459B870097BD3D /* NSBegegnungenDetailViewController.swift in Sources */,
				DC56B8B9242EA7760077B99C /* NSOnboardingStepModel.swift in Sources */,
				DC286A26242CE0B9001D5344 /* NSBackendEnvironment.swift in Sources */,
				DC702B01243F6F640066C773 /* String+NS.swift in Sources */,
				DC702B10243F6FAE0066C773 /* UBUserDefaultValue.swift in Sources */,
				DC702B20243F70C80066C773 /* UBPushManager.swift in Sources */,
				6E7C0D43242E44D80017C4F9 /* NSWebViewController.swift in Sources */,
				6E1771542440B09A0008D73D /* NSCodeInputViewController.swift in Sources */,
				6EFB097B2445C2210097BD3D /* NSPointTextView.swift in Sources */,
				6E3F65FD2449F31D00980A4E /* NSDebugScreenSDKStatusView.swift in Sources */,
				6E6E5185242F9586006E532E /* NSCheckboxControl.swift in Sources */,
				6E7C0D45242E4AA90017C4F9 /* NSLoadingView.swift in Sources */,
				6E6E5188242F9586006E532E /* NSSendViewController.swift in Sources */,
				DCB44315242DFF8000F19AA5 /* NSHomescreenViewController.swift in Sources */,
				6E6E5186242F9586006E532E /* NSCheckBoxView.swift in Sources */,
				24780B13242DFD3D003BB26C /* NSInformModuleView.swift in Sources */,
				DC702B26243F74E70066C773 /* UBDeviceUUID.swift in Sources */,
				6E6E5171242F5026006E532E /* NSConfig.swift in Sources */,
				6E7C0D39242E02A20017C4F9 /* NSLayoutConstants.swift in Sources */,
				6E1771562440B5140008D73D /* NSCodeInputControl.swift in Sources */,
				6EA49E2B2444410D009EFCAB /* NSNoCodeInformationViewController.swift in Sources */,
				DC702B15243F6FD90066C773 /* UBKeychainAccessibility.swift in Sources */,
				24780B0B242DFCFB003BB26C /* NSTabBarController.swift in Sources */,
				6EFB09792445B2CA0097BD3D /* NSBluetoothSettingsDetailView.swift in Sources */,
				6EFB097E244603560097BD3D /* NSMeldungenDetailViewController.swift in Sources */,
				6E6E518E242FB9A8006E532E /* NSAppTitleView.swift in Sources */,
				AACFA6A3243088A4005595E6 /* NSAnimatedGraphView.swift in Sources */,
				6EFB09772445B1940097BD3D /* NSBluetoothSettingsControl.swift in Sources */,
				DC702AFB243F6D870066C773 /* UBLabelType.swift in Sources */,
				6E6E5192243121D2006E532E /* NSErrorView.swift in Sources */,
				AAF73666242F2EA00051E34A /* NSBegegnungenModuleView.swift in Sources */,
				DC702B0D243F6FAE0066C773 /* UBCodable.swift in Sources */,
				8E81CC99241FCC7D006F2437 /* AppDelegate.swift in Sources */,
				6E6E5190242FCE13006E532E /* NSFancyNumberView.swift in Sources */,
				6E7C0D20242CE1190017C4F9 /* UIColor+NS.swift in Sources */,
				2443947B2445F062003ED582 /* NSHeaderArcView.swift in Sources */,
				24D5EF6A2448CAE800C197D6 /* NSUIStateModel.swift in Sources */,
				DC175E402430C4C700BD2AD6 /* NSOnboardingContentViewController.swift in Sources */,
				24780B30242F3EAF003BB26C /* NSInformBottomButtonViewController.swift in Sources */,
				6E6E5189242F9586006E532E /* NSInformNoSymptomsViewController.swift in Sources */,
				DC702B22243F70C80066C773 /* UBPushManagerError.swift in Sources */,
				6E3F65F72449B61A00980A4E /* NSDebugscreenViewController.swift in Sources */,
				24780B11242DFD2F003BB26C /* NSMeldungModuleView.swift in Sources */,
				6E6E516F242F4FE0006E532E /* NSConfigManager.swift in Sources */,
				6E6E5184242F9586006E532E /* NSInformThankYouViewController.swift in Sources */,
				24780B20242DFE33003BB26C /* NSOnboardingViewController.swift in Sources */,
				6E6E518B242FA39C006E532E /* NSVerhaltenViewController.swift in Sources */,
				24780B5B2431B5A9003BB26C /* NSDateFormatter.swift in Sources */,
				24780B07242DFCD9003BB26C /* User.swift in Sources */,
				24780B28242F3A4C003BB26C /* NSSymptomsViewController.swift in Sources */,
				24780B17242DFD7C003BB26C /* NSInformViewController.swift in Sources */,
				24780B1C242DFE18003BB26C /* NSInfoViewController.swift in Sources */,
				DC702B0A243F6FAE0066C773 /* UBOptionalUserDefault.swift in Sources */,
				24780B09242DFCE4003BB26C /* Model.swift in Sources */,
				6E3F65FB2449CF0900980A4E /* NSSimpleModuleBaseView.swift in Sources */,
				DC702B0F243F6FAE0066C773 /* UBKeychainStored.swift in Sources */,
				DC702B1F243F70C80066C773 /* UBPushHandler.swift in Sources */,
				6E3F65F92449CC9F00980A4E /* NSDebugScreenMockView.swift in Sources */,
			);
			runOnlyForDeploymentPostprocessing = 0;
		};
		8E81CCA7241FCC7F006F2437 /* Sources */ = {
			isa = PBXSourcesBuildPhase;
			buildActionMask = 2147483647;
			files = (
				8E81CCB0241FCC7F006F2437 /* NextStepTests.swift in Sources */,
			);
			runOnlyForDeploymentPostprocessing = 0;
		};
/* End PBXSourcesBuildPhase section */

/* Begin PBXTargetDependency section */
		8E81CCAD241FCC7F006F2437 /* PBXTargetDependency */ = {
			isa = PBXTargetDependency;
			target = 8E81CC94241FCC7D006F2437 /* NextStep */;
			targetProxy = 8E81CCAC241FCC7F006F2437 /* PBXContainerItemProxy */;
		};
/* End PBXTargetDependency section */

/* Begin PBXVariantGroup section */
		DC9A81A1242CE5E000AD1548 /* Localizable.strings */ = {
			isa = PBXVariantGroup;
			children = (
				DC9A81A2242CE5E000AD1548 /* de */,
				DC9A81A5242CE5E000AD1548 /* en */,
				DC9A81A7242CE5E000AD1548 /* it */,
				DC9A81A9242CE5E000AD1548 /* fr */,
			);
			name = Localizable.strings;
			sourceTree = "<group>";
		};
		DC9A81A3242CE5E000AD1548 /* InfoPlist.strings */ = {
			isa = PBXVariantGroup;
			children = (
				DC9A81A4242CE5E000AD1548 /* de */,
				DC9A81A6242CE5E000AD1548 /* en */,
				DC9A81A8242CE5E000AD1548 /* it */,
				DC9A81AA242CE5E000AD1548 /* fr */,
			);
			name = InfoPlist.strings;
			sourceTree = "<group>";
		};
/* End PBXVariantGroup section */

/* Begin XCBuildConfiguration section */
		8E81CCB2241FCC7F006F2437 /* Debug */ = {
			isa = XCBuildConfiguration;
			buildSettings = {
				ALWAYS_SEARCH_USER_PATHS = NO;
				BUILD_NUMBER = 20200414.854.3;
				CLANG_ANALYZER_LOCALIZABILITY_NONLOCALIZED = YES;
				CLANG_ANALYZER_NONNULL = YES;
				CLANG_ANALYZER_NUMBER_OBJECT_CONVERSION = YES_AGGRESSIVE;
				CLANG_CXX_LANGUAGE_STANDARD = "gnu++14";
				CLANG_CXX_LIBRARY = "libc++";
				CLANG_ENABLE_MODULES = YES;
				CLANG_ENABLE_OBJC_ARC = YES;
				CLANG_ENABLE_OBJC_WEAK = YES;
				CLANG_WARN_BLOCK_CAPTURE_AUTORELEASING = YES;
				CLANG_WARN_BOOL_CONVERSION = YES;
				CLANG_WARN_COMMA = YES;
				CLANG_WARN_CONSTANT_CONVERSION = YES;
				CLANG_WARN_DEPRECATED_OBJC_IMPLEMENTATIONS = YES;
				CLANG_WARN_DIRECT_OBJC_ISA_USAGE = YES_ERROR;
				CLANG_WARN_DOCUMENTATION_COMMENTS = YES;
				CLANG_WARN_EMPTY_BODY = YES;
				CLANG_WARN_ENUM_CONVERSION = YES;
				CLANG_WARN_INFINITE_RECURSION = YES;
				CLANG_WARN_INT_CONVERSION = YES;
				CLANG_WARN_NON_LITERAL_NULL_CONVERSION = YES;
				CLANG_WARN_OBJC_IMPLICIT_RETAIN_SELF = YES;
				CLANG_WARN_OBJC_LITERAL_CONVERSION = YES;
				CLANG_WARN_OBJC_ROOT_CLASS = YES_ERROR;
				CLANG_WARN_RANGE_LOOP_ANALYSIS = YES;
				CLANG_WARN_STRICT_PROTOTYPES = YES;
				CLANG_WARN_SUSPICIOUS_MOVE = YES;
				CLANG_WARN_UNGUARDED_AVAILABILITY = YES_AGGRESSIVE;
				CLANG_WARN_UNREACHABLE_CODE = YES;
				CLANG_WARN__DUPLICATE_METHOD_MATCH = YES;
				COPY_PHASE_STRIP = NO;
				DEBUG_INFORMATION_FORMAT = dwarf;
				ENABLE_STRICT_OBJC_MSGSEND = YES;
				ENABLE_TESTABILITY = YES;
				GCC_C_LANGUAGE_STANDARD = gnu11;
				GCC_DYNAMIC_NO_PIC = NO;
				GCC_NO_COMMON_BLOCKS = YES;
				GCC_OPTIMIZATION_LEVEL = 0;
				GCC_PREPROCESSOR_DEFINITIONS = (
					"DEBUG=1",
					"$(inherited)",
				);
				GCC_WARN_64_TO_32_BIT_CONVERSION = YES;
				GCC_WARN_ABOUT_RETURN_TYPE = YES_ERROR;
				GCC_WARN_UNDECLARED_SELECTOR = YES;
				GCC_WARN_UNINITIALIZED_AUTOS = YES_AGGRESSIVE;
				GCC_WARN_UNUSED_FUNCTION = YES;
				GCC_WARN_UNUSED_VARIABLE = YES;
				IPHONEOS_DEPLOYMENT_TARGET = 12.0;
				MTL_ENABLE_DEBUG_INFO = INCLUDE_SOURCE;
				MTL_FAST_MATH = YES;
				ONLY_ACTIVE_ARCH = YES;
				OTHER_SWIFT_FLAGS = "-D DEBUG";
				PRIMARY_BUNDLE_IDENTIFIER = ch.ubique.nextstep.debug;
				SDKROOT = iphoneos;
				SWIFT_ACTIVE_COMPILATION_CONDITIONS = DEBUG;
				SWIFT_OPTIMIZATION_LEVEL = "-Onone";
			};
			name = Debug;
		};
		8E81CCB3241FCC7F006F2437 /* Release-Internal */ = {
			isa = XCBuildConfiguration;
			buildSettings = {
				ALWAYS_SEARCH_USER_PATHS = NO;
				BUILD_NUMBER = 20200414.854.3;
				CLANG_ANALYZER_LOCALIZABILITY_NONLOCALIZED = YES;
				CLANG_ANALYZER_NONNULL = YES;
				CLANG_ANALYZER_NUMBER_OBJECT_CONVERSION = YES_AGGRESSIVE;
				CLANG_CXX_LANGUAGE_STANDARD = "gnu++14";
				CLANG_CXX_LIBRARY = "libc++";
				CLANG_ENABLE_MODULES = YES;
				CLANG_ENABLE_OBJC_ARC = YES;
				CLANG_ENABLE_OBJC_WEAK = YES;
				CLANG_WARN_BLOCK_CAPTURE_AUTORELEASING = YES;
				CLANG_WARN_BOOL_CONVERSION = YES;
				CLANG_WARN_COMMA = YES;
				CLANG_WARN_CONSTANT_CONVERSION = YES;
				CLANG_WARN_DEPRECATED_OBJC_IMPLEMENTATIONS = YES;
				CLANG_WARN_DIRECT_OBJC_ISA_USAGE = YES_ERROR;
				CLANG_WARN_DOCUMENTATION_COMMENTS = YES;
				CLANG_WARN_EMPTY_BODY = YES;
				CLANG_WARN_ENUM_CONVERSION = YES;
				CLANG_WARN_INFINITE_RECURSION = YES;
				CLANG_WARN_INT_CONVERSION = YES;
				CLANG_WARN_NON_LITERAL_NULL_CONVERSION = YES;
				CLANG_WARN_OBJC_IMPLICIT_RETAIN_SELF = YES;
				CLANG_WARN_OBJC_LITERAL_CONVERSION = YES;
				CLANG_WARN_OBJC_ROOT_CLASS = YES_ERROR;
				CLANG_WARN_RANGE_LOOP_ANALYSIS = YES;
				CLANG_WARN_STRICT_PROTOTYPES = YES;
				CLANG_WARN_SUSPICIOUS_MOVE = YES;
				CLANG_WARN_UNGUARDED_AVAILABILITY = YES_AGGRESSIVE;
				CLANG_WARN_UNREACHABLE_CODE = YES;
				CLANG_WARN__DUPLICATE_METHOD_MATCH = YES;
				COPY_PHASE_STRIP = NO;
				DEBUG_INFORMATION_FORMAT = "dwarf-with-dsym";
				ENABLE_NS_ASSERTIONS = NO;
				ENABLE_STRICT_OBJC_MSGSEND = YES;
				GCC_C_LANGUAGE_STANDARD = gnu11;
				GCC_NO_COMMON_BLOCKS = YES;
				GCC_PREPROCESSOR_DEFINITIONS = "RELEASE_TEST=1";
				GCC_WARN_64_TO_32_BIT_CONVERSION = YES;
				GCC_WARN_ABOUT_RETURN_TYPE = YES_ERROR;
				GCC_WARN_UNDECLARED_SELECTOR = YES;
				GCC_WARN_UNINITIALIZED_AUTOS = YES_AGGRESSIVE;
				GCC_WARN_UNUSED_FUNCTION = YES;
				GCC_WARN_UNUSED_VARIABLE = YES;
				IPHONEOS_DEPLOYMENT_TARGET = 12.0;
				MTL_ENABLE_DEBUG_INFO = NO;
				MTL_FAST_MATH = YES;
				OTHER_SWIFT_FLAGS = "-D RELEASE_TEST";
				PRIMARY_BUNDLE_IDENTIFIER = ch.ubique.suit.test;
				SDKROOT = iphoneos;
				SWIFT_ACTIVE_COMPILATION_CONDITIONS = RELEASE_TEST;
				SWIFT_COMPILATION_MODE = wholemodule;
				SWIFT_OPTIMIZATION_LEVEL = "-O";
				VALIDATE_PRODUCT = YES;
			};
			name = "Release-Internal";
		};
		8E81CCB5241FCC7F006F2437 /* Debug */ = {
			isa = XCBuildConfiguration;
			buildSettings = {
				ASSETCATALOG_COMPILER_APPICON_NAME = AppIcon;
				CODE_SIGN_ENTITLEMENTS = "NextStep/Supporting Files/NextStep.entitlements";
				CODE_SIGN_STYLE = Automatic;
				CURRENT_PROJECT_VERSION = "${BUILD_NUMBER}";
				DEVELOPMENT_TEAM = "";
				INFOPLIST_FILE = "$(SRCROOT)/NextStep/Supporting Files/Info.plist";
				LD_RUNPATH_SEARCH_PATHS = (
					"$(inherited)",
					"@executable_path/Frameworks",
				);
				PRODUCT_BUNDLE_IDENTIFIER = test.noiapp;
				PRODUCT_NAME = "$(TARGET_NAME)";
				SWIFT_VERSION = 5.0;
				TARGETED_DEVICE_FAMILY = 1;
			};
			name = Debug;
		};
		8E81CCB6241FCC7F006F2437 /* Release-Internal */ = {
			isa = XCBuildConfiguration;
			buildSettings = {
				ASSETCATALOG_COMPILER_APPICON_NAME = AppIcon;
				CODE_SIGN_ENTITLEMENTS = "NextStep/Supporting Files/NextStep.entitlements";
				CODE_SIGN_STYLE = Automatic;
				CURRENT_PROJECT_VERSION = "${BUILD_NUMBER}";
				DEVELOPMENT_TEAM = "";
				INFOPLIST_FILE = "$(SRCROOT)/NextStep/Supporting Files/Info.plist";
				LD_RUNPATH_SEARCH_PATHS = (
					"$(inherited)",
					"@executable_path/Frameworks",
				);
				PRODUCT_BUNDLE_IDENTIFIER = test.noiapp;
				PRODUCT_NAME = "$(TARGET_NAME)";
				SWIFT_VERSION = 5.0;
				TARGETED_DEVICE_FAMILY = 1;
			};
			name = "Release-Internal";
		};
		8E81CCB8241FCC7F006F2437 /* Debug */ = {
			isa = XCBuildConfiguration;
			buildSettings = {
				ALWAYS_EMBED_SWIFT_STANDARD_LIBRARIES = YES;
				BUNDLE_LOADER = "$(TEST_HOST)";
				CODE_SIGN_STYLE = Automatic;
				DEVELOPMENT_TEAM = JH7CQD4MLU;
				INFOPLIST_FILE = NextStepTests/Info.plist;
				IPHONEOS_DEPLOYMENT_TARGET = 13.2;
				LD_RUNPATH_SEARCH_PATHS = (
					"$(inherited)",
					"@executable_path/Frameworks",
					"@loader_path/Frameworks",
				);
				PRODUCT_BUNDLE_IDENTIFIER = ch.ubique.nextstep.tests;
				PRODUCT_NAME = "$(TARGET_NAME)";
				SWIFT_VERSION = 5.0;
				TARGETED_DEVICE_FAMILY = "1,2";
				TEST_HOST = "$(BUILT_PRODUCTS_DIR)/NextStep.app/NextStep";
			};
			name = Debug;
		};
		8E81CCB9241FCC7F006F2437 /* Release-Internal */ = {
			isa = XCBuildConfiguration;
			buildSettings = {
				ALWAYS_EMBED_SWIFT_STANDARD_LIBRARIES = YES;
				BUNDLE_LOADER = "$(TEST_HOST)";
				CODE_SIGN_STYLE = Automatic;
				DEVELOPMENT_TEAM = JH7CQD4MLU;
				INFOPLIST_FILE = NextStepTests/Info.plist;
				IPHONEOS_DEPLOYMENT_TARGET = 13.2;
				LD_RUNPATH_SEARCH_PATHS = (
					"$(inherited)",
					"@executable_path/Frameworks",
					"@loader_path/Frameworks",
				);
				PRODUCT_BUNDLE_IDENTIFIER = ch.ubique.nextstep.tests;
				PRODUCT_NAME = "$(TARGET_NAME)";
				SWIFT_VERSION = 5.0;
				TARGETED_DEVICE_FAMILY = "1,2";
				TEST_HOST = "$(BUILT_PRODUCTS_DIR)/NextStep.app/NextStep";
			};
			name = "Release-Internal";
		};
		8E81CCBB241FCE08006F2437 /* Release-Prod */ = {
			isa = XCBuildConfiguration;
			buildSettings = {
				ALWAYS_SEARCH_USER_PATHS = NO;
				BUILD_NUMBER = 20200414.854.3;
				CLANG_ANALYZER_LOCALIZABILITY_NONLOCALIZED = YES;
				CLANG_ANALYZER_NONNULL = YES;
				CLANG_ANALYZER_NUMBER_OBJECT_CONVERSION = YES_AGGRESSIVE;
				CLANG_CXX_LANGUAGE_STANDARD = "gnu++14";
				CLANG_CXX_LIBRARY = "libc++";
				CLANG_ENABLE_MODULES = YES;
				CLANG_ENABLE_OBJC_ARC = YES;
				CLANG_ENABLE_OBJC_WEAK = YES;
				CLANG_WARN_BLOCK_CAPTURE_AUTORELEASING = YES;
				CLANG_WARN_BOOL_CONVERSION = YES;
				CLANG_WARN_COMMA = YES;
				CLANG_WARN_CONSTANT_CONVERSION = YES;
				CLANG_WARN_DEPRECATED_OBJC_IMPLEMENTATIONS = YES;
				CLANG_WARN_DIRECT_OBJC_ISA_USAGE = YES_ERROR;
				CLANG_WARN_DOCUMENTATION_COMMENTS = YES;
				CLANG_WARN_EMPTY_BODY = YES;
				CLANG_WARN_ENUM_CONVERSION = YES;
				CLANG_WARN_INFINITE_RECURSION = YES;
				CLANG_WARN_INT_CONVERSION = YES;
				CLANG_WARN_NON_LITERAL_NULL_CONVERSION = YES;
				CLANG_WARN_OBJC_IMPLICIT_RETAIN_SELF = YES;
				CLANG_WARN_OBJC_LITERAL_CONVERSION = YES;
				CLANG_WARN_OBJC_ROOT_CLASS = YES_ERROR;
				CLANG_WARN_RANGE_LOOP_ANALYSIS = YES;
				CLANG_WARN_STRICT_PROTOTYPES = YES;
				CLANG_WARN_SUSPICIOUS_MOVE = YES;
				CLANG_WARN_UNGUARDED_AVAILABILITY = YES_AGGRESSIVE;
				CLANG_WARN_UNREACHABLE_CODE = YES;
				CLANG_WARN__DUPLICATE_METHOD_MATCH = YES;
				COPY_PHASE_STRIP = NO;
				DEBUG_INFORMATION_FORMAT = "dwarf-with-dsym";
				ENABLE_NS_ASSERTIONS = NO;
				ENABLE_STRICT_OBJC_MSGSEND = YES;
				GCC_C_LANGUAGE_STANDARD = gnu11;
				GCC_NO_COMMON_BLOCKS = YES;
				GCC_PREPROCESSOR_DEFINITIONS = "RELEASE_PROD=1";
				GCC_WARN_64_TO_32_BIT_CONVERSION = YES;
				GCC_WARN_ABOUT_RETURN_TYPE = YES_ERROR;
				GCC_WARN_UNDECLARED_SELECTOR = YES;
				GCC_WARN_UNINITIALIZED_AUTOS = YES_AGGRESSIVE;
				GCC_WARN_UNUSED_FUNCTION = YES;
				GCC_WARN_UNUSED_VARIABLE = YES;
				IPHONEOS_DEPLOYMENT_TARGET = 12.0;
				MTL_ENABLE_DEBUG_INFO = NO;
				MTL_FAST_MATH = YES;
				OTHER_SWIFT_FLAGS = "-D RELEASE_PROD";
				PRIMARY_BUNDLE_IDENTIFIER = ch.ubique.nextstep.debug;
				SDKROOT = iphoneos;
				SWIFT_ACTIVE_COMPILATION_CONDITIONS = RELEASE_PROD;
				SWIFT_COMPILATION_MODE = wholemodule;
				SWIFT_OPTIMIZATION_LEVEL = "-O";
				VALIDATE_PRODUCT = YES;
			};
			name = "Release-Prod";
		};
		8E81CCBC241FCE08006F2437 /* Release-Prod */ = {
			isa = XCBuildConfiguration;
			buildSettings = {
				ASSETCATALOG_COMPILER_APPICON_NAME = AppIcon;
				CODE_SIGN_ENTITLEMENTS = "NextStep/Supporting Files/NextStep.entitlements";
				CODE_SIGN_STYLE = Automatic;
				CURRENT_PROJECT_VERSION = "${BUILD_NUMBER}";
				DEVELOPMENT_TEAM = "";
				INFOPLIST_FILE = "$(SRCROOT)/NextStep/Supporting Files/Info.plist";
				LD_RUNPATH_SEARCH_PATHS = (
					"$(inherited)",
					"@executable_path/Frameworks",
				);
				PRODUCT_BUNDLE_IDENTIFIER = test.noiapp;
				PRODUCT_NAME = "$(TARGET_NAME)";
				SWIFT_VERSION = 5.0;
				TARGETED_DEVICE_FAMILY = 1;
			};
			name = "Release-Prod";
		};
		8E81CCBD241FCE08006F2437 /* Release-Prod */ = {
			isa = XCBuildConfiguration;
			buildSettings = {
				ALWAYS_EMBED_SWIFT_STANDARD_LIBRARIES = YES;
				BUNDLE_LOADER = "$(TEST_HOST)";
				CODE_SIGN_STYLE = Automatic;
				DEVELOPMENT_TEAM = JH7CQD4MLU;
				INFOPLIST_FILE = NextStepTests/Info.plist;
				IPHONEOS_DEPLOYMENT_TARGET = 13.2;
				LD_RUNPATH_SEARCH_PATHS = (
					"$(inherited)",
					"@executable_path/Frameworks",
					"@loader_path/Frameworks",
				);
				PRODUCT_BUNDLE_IDENTIFIER = ch.ubique.nextstep.tests;
				PRODUCT_NAME = "$(TARGET_NAME)";
				SWIFT_VERSION = 5.0;
				TARGETED_DEVICE_FAMILY = "1,2";
				TEST_HOST = "$(BUILT_PRODUCTS_DIR)/NextStep.app/NextStep";
			};
			name = "Release-Prod";
		};
		8E81CCC4241FD475006F2437 /* Debug */ = {
			isa = XCBuildConfiguration;
			buildSettings = {
				CODE_SIGN_STYLE = Automatic;
				DEVELOPMENT_TEAM = JH7CQD4MLU;
				PRODUCT_NAME = "$(TARGET_NAME)";
				SDKROOT = macosx;
			};
			name = Debug;
		};
		8E81CCC5241FD475006F2437 /* Release-Internal */ = {
			isa = XCBuildConfiguration;
			buildSettings = {
				CODE_SIGN_STYLE = Automatic;
				DEVELOPMENT_TEAM = JH7CQD4MLU;
				PRODUCT_NAME = "$(TARGET_NAME)";
				SDKROOT = macosx;
			};
			name = "Release-Internal";
		};
		8E81CCC6241FD475006F2437 /* Release-Prod */ = {
			isa = XCBuildConfiguration;
			buildSettings = {
				CODE_SIGN_STYLE = Automatic;
				DEVELOPMENT_TEAM = JH7CQD4MLU;
				PRODUCT_NAME = "$(TARGET_NAME)";
				SDKROOT = macosx;
			};
			name = "Release-Prod";
		};
		8ECF1432241FDC9D0055490E /* Release-UBDiag */ = {
			isa = XCBuildConfiguration;
			buildSettings = {
				ALWAYS_SEARCH_USER_PATHS = NO;
				BUILD_NUMBER = 20200414.854.3;
				CLANG_ANALYZER_LOCALIZABILITY_NONLOCALIZED = YES;
				CLANG_ANALYZER_NONNULL = YES;
				CLANG_ANALYZER_NUMBER_OBJECT_CONVERSION = YES_AGGRESSIVE;
				CLANG_CXX_LANGUAGE_STANDARD = "gnu++14";
				CLANG_CXX_LIBRARY = "libc++";
				CLANG_ENABLE_MODULES = YES;
				CLANG_ENABLE_OBJC_ARC = YES;
				CLANG_ENABLE_OBJC_WEAK = YES;
				CLANG_WARN_BLOCK_CAPTURE_AUTORELEASING = YES;
				CLANG_WARN_BOOL_CONVERSION = YES;
				CLANG_WARN_COMMA = YES;
				CLANG_WARN_CONSTANT_CONVERSION = YES;
				CLANG_WARN_DEPRECATED_OBJC_IMPLEMENTATIONS = YES;
				CLANG_WARN_DIRECT_OBJC_ISA_USAGE = YES_ERROR;
				CLANG_WARN_DOCUMENTATION_COMMENTS = YES;
				CLANG_WARN_EMPTY_BODY = YES;
				CLANG_WARN_ENUM_CONVERSION = YES;
				CLANG_WARN_INFINITE_RECURSION = YES;
				CLANG_WARN_INT_CONVERSION = YES;
				CLANG_WARN_NON_LITERAL_NULL_CONVERSION = YES;
				CLANG_WARN_OBJC_IMPLICIT_RETAIN_SELF = YES;
				CLANG_WARN_OBJC_LITERAL_CONVERSION = YES;
				CLANG_WARN_OBJC_ROOT_CLASS = YES_ERROR;
				CLANG_WARN_RANGE_LOOP_ANALYSIS = YES;
				CLANG_WARN_STRICT_PROTOTYPES = YES;
				CLANG_WARN_SUSPICIOUS_MOVE = YES;
				CLANG_WARN_UNGUARDED_AVAILABILITY = YES_AGGRESSIVE;
				CLANG_WARN_UNREACHABLE_CODE = YES;
				CLANG_WARN__DUPLICATE_METHOD_MATCH = YES;
				COPY_PHASE_STRIP = NO;
				DEBUG_INFORMATION_FORMAT = "dwarf-with-dsym";
				ENABLE_NS_ASSERTIONS = NO;
				ENABLE_STRICT_OBJC_MSGSEND = YES;
				GCC_C_LANGUAGE_STANDARD = gnu11;
				GCC_NO_COMMON_BLOCKS = YES;
				GCC_PREPROCESSOR_DEFINITIONS = "RELEASE_UBDIAG=1";
				GCC_WARN_64_TO_32_BIT_CONVERSION = YES;
				GCC_WARN_ABOUT_RETURN_TYPE = YES_ERROR;
				GCC_WARN_UNDECLARED_SELECTOR = YES;
				GCC_WARN_UNINITIALIZED_AUTOS = YES_AGGRESSIVE;
				GCC_WARN_UNUSED_FUNCTION = YES;
				GCC_WARN_UNUSED_VARIABLE = YES;
				IPHONEOS_DEPLOYMENT_TARGET = 12.0;
				MTL_ENABLE_DEBUG_INFO = NO;
				MTL_FAST_MATH = YES;
				OTHER_SWIFT_FLAGS = "-D RELEASE_UBDIAG";
				PRIMARY_BUNDLE_IDENTIFIER = ch.ubique.nextstep.debug;
				SDKROOT = iphoneos;
				SWIFT_ACTIVE_COMPILATION_CONDITIONS = RELEASE_UBDIAG;
				SWIFT_COMPILATION_MODE = wholemodule;
				SWIFT_OPTIMIZATION_LEVEL = "-O";
				VALIDATE_PRODUCT = YES;
			};
			name = "Release-UBDiag";
		};
		8ECF1433241FDC9D0055490E /* Release-UBDiag */ = {
			isa = XCBuildConfiguration;
			buildSettings = {
				ASSETCATALOG_COMPILER_APPICON_NAME = AppIcon;
				CODE_SIGN_ENTITLEMENTS = "NextStep/Supporting Files/NextStep.entitlements";
				CODE_SIGN_STYLE = Automatic;
				CURRENT_PROJECT_VERSION = "${BUILD_NUMBER}";
				DEVELOPMENT_TEAM = "";
				INFOPLIST_FILE = "$(SRCROOT)/NextStep/Supporting Files/Info.plist";
				LD_RUNPATH_SEARCH_PATHS = (
					"$(inherited)",
					"@executable_path/Frameworks",
				);
				PRODUCT_BUNDLE_IDENTIFIER = test.noiapp;
				PRODUCT_NAME = "$(TARGET_NAME)";
				SWIFT_VERSION = 5.0;
				TARGETED_DEVICE_FAMILY = 1;
			};
			name = "Release-UBDiag";
		};
		8ECF1434241FDC9D0055490E /* Release-UBDiag */ = {
			isa = XCBuildConfiguration;
			buildSettings = {
				ALWAYS_EMBED_SWIFT_STANDARD_LIBRARIES = YES;
				BUNDLE_LOADER = "$(TEST_HOST)";
				CODE_SIGN_STYLE = Automatic;
				DEVELOPMENT_TEAM = JH7CQD4MLU;
				INFOPLIST_FILE = NextStepTests/Info.plist;
				IPHONEOS_DEPLOYMENT_TARGET = 13.2;
				LD_RUNPATH_SEARCH_PATHS = (
					"$(inherited)",
					"@executable_path/Frameworks",
					"@loader_path/Frameworks",
				);
				PRODUCT_BUNDLE_IDENTIFIER = ch.ubique.nextstep.tests;
				PRODUCT_NAME = "$(TARGET_NAME)";
				SWIFT_VERSION = 5.0;
				TARGETED_DEVICE_FAMILY = "1,2";
				TEST_HOST = "$(BUILT_PRODUCTS_DIR)/NextStep.app/NextStep";
			};
			name = "Release-UBDiag";
		};
		8ECF1435241FDC9D0055490E /* Release-UBDiag */ = {
			isa = XCBuildConfiguration;
			buildSettings = {
				CODE_SIGN_STYLE = Automatic;
				DEVELOPMENT_TEAM = JH7CQD4MLU;
				PRODUCT_NAME = "$(TARGET_NAME)";
				SDKROOT = macosx;
			};
			name = "Release-UBDiag";
		};
/* End XCBuildConfiguration section */

/* Begin XCConfigurationList section */
		8E81CC90241FCC7D006F2437 /* Build configuration list for PBXProject "NextStep" */ = {
			isa = XCConfigurationList;
			buildConfigurations = (
				8E81CCB2241FCC7F006F2437 /* Debug */,
				8E81CCB3241FCC7F006F2437 /* Release-Internal */,
				8ECF1432241FDC9D0055490E /* Release-UBDiag */,
				8E81CCBB241FCE08006F2437 /* Release-Prod */,
			);
			defaultConfigurationIsVisible = 0;
			defaultConfigurationName = Debug;
		};
		8E81CCB4241FCC7F006F2437 /* Build configuration list for PBXNativeTarget "NextStep" */ = {
			isa = XCConfigurationList;
			buildConfigurations = (
				8E81CCB5241FCC7F006F2437 /* Debug */,
				8E81CCB6241FCC7F006F2437 /* Release-Internal */,
				8ECF1433241FDC9D0055490E /* Release-UBDiag */,
				8E81CCBC241FCE08006F2437 /* Release-Prod */,
			);
			defaultConfigurationIsVisible = 0;
			defaultConfigurationName = Debug;
		};
		8E81CCB7241FCC7F006F2437 /* Build configuration list for PBXNativeTarget "NextStepTests" */ = {
			isa = XCConfigurationList;
			buildConfigurations = (
				8E81CCB8241FCC7F006F2437 /* Debug */,
				8E81CCB9241FCC7F006F2437 /* Release-Internal */,
				8ECF1434241FDC9D0055490E /* Release-UBDiag */,
				8E81CCBD241FCE08006F2437 /* Release-Prod */,
			);
			defaultConfigurationIsVisible = 0;
			defaultConfigurationName = Debug;
		};
		8E81CCC3241FD475006F2437 /* Build configuration list for PBXAggregateTarget "Translation" */ = {
			isa = XCConfigurationList;
			buildConfigurations = (
				8E81CCC4241FD475006F2437 /* Debug */,
				8E81CCC5241FD475006F2437 /* Release-Internal */,
				8ECF1435241FDC9D0055490E /* Release-UBDiag */,
				8E81CCC6241FD475006F2437 /* Release-Prod */,
			);
			defaultConfigurationIsVisible = 0;
			defaultConfigurationName = Debug;
		};
/* End XCConfigurationList section */

/* Begin XCRemoteSwiftPackageReference section */
		2443948824463ED2003ED582 /* XCRemoteSwiftPackageReference "dp3t-sdk-ios" */ = {
			isa = XCRemoteSwiftPackageReference;
			repositoryURL = "https://github.com/DP-3T/dp3t-sdk-ios.git";
			requirement = {
				branch = develop;
				kind = branch;
			};
		};
		8E81CCCD241FD813006F2437 /* XCRemoteSwiftPackageReference "SnapKit" */ = {
			isa = XCRemoteSwiftPackageReference;
			repositoryURL = "https://github.com/SnapKit/SnapKit";
			requirement = {
				kind = upToNextMajorVersion;
				minimumVersion = 5.0.1;
			};
		};
/* End XCRemoteSwiftPackageReference section */

/* Begin XCSwiftPackageProductDependency section */
		2443948924463ED2003ED582 /* DP3TSDK */ = {
			isa = XCSwiftPackageProductDependency;
			package = 2443948824463ED2003ED582 /* XCRemoteSwiftPackageReference "dp3t-sdk-ios" */;
			productName = DP3TSDK;
		};
		8E81CCCE241FD813006F2437 /* SnapKit */ = {
			isa = XCSwiftPackageProductDependency;
			package = 8E81CCCD241FD813006F2437 /* XCRemoteSwiftPackageReference "SnapKit" */;
			productName = SnapKit;
		};
/* End XCSwiftPackageProductDependency section */
	};
	rootObject = 8E81CC8D241FCC7D006F2437 /* Project object */;
}
