{
  "object": {
    "pins": [
      {
        "package": "DP3TSDK",
        "repositoryURL": "https://github.com/DP-3T/dp3t-sdk-ios.git",
        "state": {
          "branch": "develop",
          "revision": "ae498c80250b4ecbfcebf738bd0f04e7b535d6ab",
          "version": null
        }
      },
      {
        "package": "SnapKit",
        "repositoryURL": "https://github.com/SnapKit/SnapKit",
        "state": {
          "branch": null,
          "revision": "d458564516e5676af9c70b4f4b2a9178294f1bc6",
          "version": "5.0.1"
        }
      },
      {
        "package": "SQLite.swift",
        "repositoryURL": "https://github.com/stephencelis/SQLite.swift.git",
        "state": {
          "branch": null,
          "revision": "0a9893ec030501a3956bee572d6b4fdd3ae158a1",
          "version": "0.12.2"
        }
      }
    ]
  },
  "version": 1
}
